{
  "scaffold_source": "~/projects/claude-code-scaffold",
  "scaffold_version": "708fba9",
  "synced_at": "2026-03-22T16:14:54Z",
  "files": {
    ".claude/agents/code-reviewer.md": {
      "origin": "scaffold",
      "scaffold_hash": "a69f59b508ce7f5e3d540ee67a48b867f93e39844e1af4aa277f0708c87aa2eb",
      "local_hash": "a69f59b508ce7f5e3d540ee67a48b867f93e39844e1af4aa277f0708c87aa2eb",
      "status": "clean"
    },
    ".claude/agents/scaffold-differ.md": {
      "origin": "scaffold",
      "scaffold_hash": "628438f3e09157034af1afc9a2f40c3d701e03584f7d49a2941c0883ad2fbf45",
      "local_hash": "628438f3e09157034af1afc9a2f40c3d701e03584f7d49a2941c0883ad2fbf45",
      "status": "clean"
    },
    ".claude/agents/spec-writer.md": {
      "origin": "scaffold",
      "scaffold_hash": "bd1f7109a3e9adecb867accda921770a3ce336be92325e6def541e6d884ccefa",
      "local_hash": "bd1f7109a3e9adecb867accda921770a3ce336be92325e6def541e6d884ccefa",
      "status": "clean"
    },
    ".claude/commands/catchup.md": {
      "origin": "scaffold",
      "scaffold_hash": "bab2409342877d73d407f295327cadc634ad4ce80cf6a928f6bafe7857161759",
      "local_hash": "bab2409342877d73d407f295327cadc634ad4ce80cf6a928f6bafe7857161759",
      "status": "clean"
    },
    ".claude/commands/fix-certs.md": {
      "origin": "scaffold",
      "scaffold_hash": "dc6fcc09f574e67a02c03c918b03870e9c10b6186b43465f468f2109227ac937",
      "local_hash": "dc6fcc09f574e67a02c03c918b03870e9c10b6186b43465f468f2109227ac937",
      "status": "clean"
    },
    ".claude/commands/plan.md": {
      "origin": "scaffold",
      "scaffold_hash": "69ed9f71a020056aee8e2526cbbb00787ed17d708177eef3672237715dcda03e",
      "local_hash": "69ed9f71a020056aee8e2526cbbb00787ed17d708177eef3672237715dcda03e",
      "status": "clean"
    },
    ".claude/commands/review.md": {
      "origin": "scaffold",
      "scaffold_hash": "ec77793015c45e926cbce1a5e7f203b331089283f027ba05e57c2aca2cd43c88",
      "local_hash": "ec77793015c45e926cbce1a5e7f203b331089283f027ba05e57c2aca2cd43c88",
      "status": "clean"
    },
    ".claude/commands/scaffold-demote.md": {
      "origin": "scaffold",
      "scaffold_hash": "aa37ee563b17e6dc76dd7ed4e8d1a442c134d345b0329495597f459301c6d96d",
      "local_hash": "aa37ee563b17e6dc76dd7ed4e8d1a442c134d345b0329495597f459301c6d96d",
      "status": "clean"
    },
    ".claude/commands/scaffold-promote.md": {
      "origin": "scaffold",
      "scaffold_hash": "47829804b2a3811d9bcfe453ca8e91044209daba0c7dc9636fc5d2ce56ac72a8",
      "local_hash": "47829804b2a3811d9bcfe453ca8e91044209daba0c7dc9636fc5d2ce56ac72a8",
      "status": "clean"
    },
    ".claude/commands/scaffold-pull.md": {
      "origin": "scaffold",
      "scaffold_hash": "c018f769678495b890b2e4b55310a32b1be6958fb5d59260df212532b14c96e3",
      "local_hash": "c018f769678495b890b2e4b55310a32b1be6958fb5d59260df212532b14c96e3",
      "status": "clean"
    },
    ".claude/commands/scaffold-push.md": {
      "origin": "scaffold",
      "scaffold_hash": "f24f24395b67de6f0a94df73018b3c87ba18025ffb1772c6a897078332125ca6",
      "local_hash": "f24f24395b67de6f0a94df73018b3c87ba18025ffb1772c6a897078332125ca6",
      "status": "clean"
    },
    ".claude/commands/scaffold-status.md": {
      "origin": "scaffold",
      "scaffold_hash": "de2265f8c6ba7533e5714ffe86de4553df244a53013a77c1b018d92ed6d65f9a",
      "local_hash": "de2265f8c6ba7533e5714ffe86de4553df244a53013a77c1b018d92ed6d65f9a",
      "status": "clean"
    },
    ".claude/rules/code-quality.md": {
      "origin": "scaffold",
      "scaffold_hash": "2bb6332c0e64f5845b1eb185bf95105e8723a975e2d6caabe10be23350ba9a85",
      "local_hash": "2bb6332c0e64f5845b1eb185bf95105e8723a975e2d6caabe10be23350ba9a85",
      "status": "clean"
    },
    ".claude/rules/sketches.md": {
      "origin": "local",
      "scaffold_hash": null,
      "local_hash": "351023bf650cc7cf8c7f01014e1eea5f5d4c0a48fc0a6edff26de1333e01d14e",
      "status": "local-only",
      "sync": "node-only"
    },
    ".claude/rules/tdd.md": {
      "origin": "scaffold",
      "scaffold_hash": "121c23fb1d169c1dd71e3811ddc39e3516dedec6bfbc385537fc4d5ef3a119c8",
      "local_hash": "121c23fb1d169c1dd71e3811ddc39e3516dedec6bfbc385537fc4d5ef3a119c8",
      "status": "clean"
    },
    ".claude/rules/tls-troubleshooting.md": {
      "origin": "scaffold",
      "scaffold_hash": "0329208e75cce3f7c5652ed39322150c4c21063a67c7443b49896a9e0db38c99",
      "local_hash": "0329208e75cce3f7c5652ed39322150c4c21063a67c7443b49896a9e0db38c99",
      "status": "clean"
    },
    ".claude/rules/workflow.md": {
      "origin": "scaffold",
      "scaffold_hash": "68fd0abe32533638ad5ad63a1fa380686d3641ef4538dcd42e76e5d810901a0d",
      "local_hash": "68fd0abe32533638ad5ad63a1fa380686d3641ef4538dcd42e76e5d810901a0d",
      "status": "clean"
    },
    ".claude/settings.json": {
      "origin": "scaffold",
      "scaffold_hash": "f8966c4ac795ce2b452453a375faf2eb006e1e032a229c87678a325c56d2e9cc",
      "local_hash": "7d9b063115f6d9d91450e62feab05de1594684f4ffb76b0dafdf15daf9340fce",
      "status": "modified",
      "sync": "node-only"
    },
    ".claude/skills/tdd/SKILL.md": {
      "origin": "scaffold",
      "scaffold_hash": "77d65b1a6ea15921d883e556600d05ce685c40b46e837b1c7a281f736b12b034",
      "local_hash": "77d65b1a6ea15921d883e556600d05ce685c40b46e837b1c7a281f736b12b034",
      "status": "clean",
      "sync": "tracked"
    },
    "docs/templates/checkpoint.md": {
      "origin": "scaffold",
      "scaffold_hash": "0fa254e95eef6b59efbc30eb22ac398d31f4db717287dfa5f47fc3908d8235dd",
      "local_hash": "0fa254e95eef6b59efbc30eb22ac398d31f4db717287dfa5f47fc3908d8235dd",
      "status": "clean"
    },
    "docs/templates/plan.md": {
      "origin": "scaffold",
      "scaffold_hash": "675b23942f4c1f721e4d5be2886eeea1a038f6f7b6caa294af80701709edf514",
      "local_hash": "675b23942f4c1f721e4d5be2886eeea1a038f6f7b6caa294af80701709edf514",
      "status": "clean"
    },
    "docs/templates/spec.md": {
      "origin": "scaffold",
      "scaffold_hash": "34505752d644e83734fe7fd3d7122e22c93de9070e744875f0f94602510669e7",
      "local_hash": "34505752d644e83734fe7fd3d7122e22c93de9070e744875f0f94602510669e7",
      "status": "clean"
    },
    "scripts/fix-cloudflare-certs.sh": {
      "origin": "scaffold",
      "scaffold_hash": "09d5cc9ff708e90a1f2d846e70b92f7f388ca24c28a5fc452bfe66e6d5e5ab8d",
      "local_hash": "09d5cc9ff708e90a1f2d846e70b92f7f388ca24c28a5fc452bfe66e6d5e5ab8d",
      "status": "clean"
    },
    "scripts/scaffold-sync.sh": {
      "origin": "scaffold",
      "scaffold_hash": "4c8eaf5c92ef0ea95b5b1146a9927dfab29e96bbc8711de5400dfeea79bdae67",
      "local_hash": "4c8eaf5c92ef0ea95b5b1146a9927dfab29e96bbc8711de5400dfeea79bdae67",
      "status": "clean"
    },
    "GUIDE.md": {
      "origin": "scaffold",
      "scaffold_hash": "936e83c2f6961891b399762fbd8aec2fa6d37e8f11fd8bf11dbc57c651cb3f0e",
      "local_hash": "936e83c2f6961891b399762fbd8aec2fa6d37e8f11fd8bf11dbc57c651cb3f0e",
      "status": "clean"
    },
    "SCAFFOLD_FRAMEWORK.md": {
      "origin": "scaffold",
      "scaffold_hash": "86f37177ec0f643a79bcd92de598a1cef3e25aaffd6975bb156f62075c56d2a0",
      "local_hash": "86f37177ec0f643a79bcd92de598a1cef3e25aaffd6975bb156f62075c56d2a0",
      "status": "clean"
    },
    ".claude/commands/scaffold-ignore.md": {
      "origin": "scaffold",
      "scaffold_hash": "14d283da82df17b10809f841973dbf590397b7a713fb7910289785e2a7b76c63",
      "local_hash": "14d283da82df17b10809f841973dbf590397b7a713fb7910289785e2a7b76c63",
      "status": "clean"
    },
    ".claude/rules/deterministic-first.md": {
      "origin": "scaffold",
      "scaffold_hash": "2d5fad689a823e7b09f0fb9e03d263bed365f33106ce2599c4e71f83b4232243",
      "local_hash": "2d5fad689a823e7b09f0fb9e03d263bed365f33106ce2599c4e71f83b4232243",
      "status": "clean"
    },
    "docs/templates/hooks-reference.md": {
      "origin": "scaffold",
      "scaffold_hash": "eb03fd3ba5ed6e52c04cff9dda559f3959487344c050af82c1b74f511f6260e6",
      "local_hash": "eb03fd3ba5ed6e52c04cff9dda559f3959487344c050af82c1b74f511f6260e6",
      "status": "clean"
    },
    "CLAUDE.md": {
      "origin": "scaffold",
      "scaffold_hash": "aceb4afbac3621556f5bc70b76a714432013f8313d4b30433cc6011a552fb7e8",
      "local_hash": "aceb4afbac3621556f5bc70b76a714432013f8313d4b30433cc6011a552fb7e8",
      "status": "clean"
    },
    ".claude/hooks/protect-files.sh": {
      "scaffold_hash": "f4738ac6a12332ba19799ac47dcd335a0e729e3cb3817f6c7f64224ecec8af26",
      "local_hash": "f4738ac6a12332ba19799ac47dcd335a0e729e3cb3817f6c7f64224ecec8af26",
      "status": "clean"
    },
    ".claude/hooks/format-on-write.sh": {
      "scaffold_hash": "51733735cb176660ffaaa62faab670cff55b90331a8e3cb4df43460ec3c52f8c",
      "local_hash": "51733735cb176660ffaaa62faab670cff55b90331a8e3cb4df43460ec3c52f8c",
      "status": "clean"
    },
    ".claude/commands/scaffold-audit.md": {
      "origin": "scaffold",
      "scaffold_hash": "0896372d740c25a8bdf2d1af605063cd499f80c5588827121d42107bed605e67",
      "local_hash": "0896372d740c25a8bdf2d1af605063cd499f80c5588827121d42107bed605e67",
      "status": "clean"
    },
    ".claude/rules/self-review.md": {
      "origin": "scaffold",
      "scaffold_hash": "421bc459353f2db3dd1037360ca0959284f68ac847070b4303e43be39a0ac523",
      "local_hash": "421bc459353f2db3dd1037360ca0959284f68ac847070b4303e43be39a0ac523",
      "status": "clean"
    }
  }
}
