{
  "scaffold_source": "~/projects/claude-code-scaffold",
  "scaffold_version": "253ddb4",
  "synced_at": "2026-03-24T02:38:24Z",
  "files": {
    ".claude/agents/code-reviewer.md": {
      "origin": "scaffold",
      "scaffold_hash": "a69f59b508ce7f5e3d540ee67a48b867f93e39844e1af4aa277f0708c87aa2eb",
      "local_hash": "a69f59b508ce7f5e3d540ee67a48b867f93e39844e1af4aa277f0708c87aa2eb",
      "status": "clean"
    },
    ".claude/agents/scaffold-differ.md": {
      "origin": "scaffold",
      "scaffold_hash": "628438f3e09157034af1afc9a2f40c3d701e03584f7d49a2941c0883ad2fbf45",
      "local_hash": "628438f3e09157034af1afc9a2f40c3d701e03584f7d49a2941c0883ad2fbf45",
      "status": "clean"
    },
    ".claude/agents/spec-writer.md": {
      "origin": "scaffold",
      "scaffold_hash": "4846e7d85030f383ffae33370085c936ad4c8caac52ef589da7d53eb67d73387",
      "local_hash": "4846e7d85030f383ffae33370085c936ad4c8caac52ef589da7d53eb67d73387",
      "status": "clean",
      "sync": "tracked"
    },
    ".claude/commands/catchup.md": {
      "origin": "scaffold",
      "scaffold_hash": "717c4ee1760339ed83e5bc2bdb88e407e96e506b4b99a65487896a3da3cf32cc",
      "local_hash": "717c4ee1760339ed83e5bc2bdb88e407e96e506b4b99a65487896a3da3cf32cc",
      "status": "clean",
      "sync": "tracked"
    },
    ".claude/commands/fix-certs.md": {
      "origin": "scaffold",
      "scaffold_hash": "dc6fcc09f574e67a02c03c918b03870e9c10b6186b43465f468f2109227ac937",
      "local_hash": "dc6fcc09f574e67a02c03c918b03870e9c10b6186b43465f468f2109227ac937",
      "status": "clean"
    },
    ".claude/commands/plan.md": {
      "origin": "scaffold",
      "scaffold_hash": "062d57d6a2e1c57fd6f5f90369620192541b2f33f8155e0f3904ae0bf37ca40b",
      "local_hash": "062d57d6a2e1c57fd6f5f90369620192541b2f33f8155e0f3904ae0bf37ca40b",
      "status": "clean",
      "sync": "tracked"
    },
    ".claude/commands/review.md": {
      "origin": "scaffold",
      "scaffold_hash": "414238c85787cf1bd76b0d4498ec8841958277252ac1b1b300a0786e65535c7e",
      "local_hash": "414238c85787cf1bd76b0d4498ec8841958277252ac1b1b300a0786e65535c7e",
      "status": "clean",
      "sync": "tracked"
    },
    ".claude/commands/scaffold-demote.md": {
      "origin": "scaffold",
      "scaffold_hash": "aa37ee563b17e6dc76dd7ed4e8d1a442c134d345b0329495597f459301c6d96d",
      "local_hash": "aa37ee563b17e6dc76dd7ed4e8d1a442c134d345b0329495597f459301c6d96d",
      "status": "clean"
    },
    ".claude/commands/scaffold-promote.md": {
      "origin": "scaffold",
      "scaffold_hash": "47829804b2a3811d9bcfe453ca8e91044209daba0c7dc9636fc5d2ce56ac72a8",
      "local_hash": "47829804b2a3811d9bcfe453ca8e91044209daba0c7dc9636fc5d2ce56ac72a8",
      "status": "clean"
    },
    ".claude/commands/scaffold-pull.md": {
      "origin": "scaffold",
      "scaffold_hash": "c018f769678495b890b2e4b55310a32b1be6958fb5d59260df212532b14c96e3",
      "local_hash": "c018f769678495b890b2e4b55310a32b1be6958fb5d59260df212532b14c96e3",
      "status": "clean"
    },
    ".claude/commands/scaffold-push.md": {
      "origin": "scaffold",
      "scaffold_hash": "f24f24395b67de6f0a94df73018b3c87ba18025ffb1772c6a897078332125ca6",
      "local_hash": "f24f24395b67de6f0a94df73018b3c87ba18025ffb1772c6a897078332125ca6",
      "status": "clean"
    },
    ".claude/commands/scaffold-status.md": {
      "origin": "scaffold",
      "scaffold_hash": "de2265f8c6ba7533e5714ffe86de4553df244a53013a77c1b018d92ed6d65f9a",
      "local_hash": "de2265f8c6ba7533e5714ffe86de4553df244a53013a77c1b018d92ed6d65f9a",
      "status": "clean"
    },
    ".claude/rules/code-quality.md": {
      "origin": "scaffold",
      "scaffold_hash": "2bb6332c0e64f5845b1eb185bf95105e8723a975e2d6caabe10be23350ba9a85",
      "local_hash": "2bb6332c0e64f5845b1eb185bf95105e8723a975e2d6caabe10be23350ba9a85",
      "status": "clean"
    },
    ".claude/rules/sketches.md": {
      "origin": "local",
      "scaffold_hash": null,
      "local_hash": "351023bf650cc7cf8c7f01014e1eea5f5d4c0a48fc0a6edff26de1333e01d14e",
      "status": "local-only",
      "sync": "node-only"
    },
    ".claude/rules/tdd.md": {
      "origin": "scaffold",
      "scaffold_hash": "121c23fb1d169c1dd71e3811ddc39e3516dedec6bfbc385537fc4d5ef3a119c8",
      "local_hash": "121c23fb1d169c1dd71e3811ddc39e3516dedec6bfbc385537fc4d5ef3a119c8",
      "status": "clean"
    },
    ".claude/rules/tls-troubleshooting.md": {
      "origin": "scaffold",
      "scaffold_hash": "0329208e75cce3f7c5652ed39322150c4c21063a67c7443b49896a9e0db38c99",
      "local_hash": "0329208e75cce3f7c5652ed39322150c4c21063a67c7443b49896a9e0db38c99",
      "status": "clean"
    },
    ".claude/rules/workflow.md": {
      "origin": "scaffold",
      "scaffold_hash": "e109538f3a09795701859ff8269e6ddd22a09310f9da812f89e1de81b12d64d0",
      "local_hash": "e109538f3a09795701859ff8269e6ddd22a09310f9da812f89e1de81b12d64d0",
      "status": "clean",
      "sync": "tracked"
    },
    ".claude/settings.json": {
      "origin": "scaffold",
      "scaffold_hash": "f8966c4ac795ce2b452453a375faf2eb006e1e032a229c87678a325c56d2e9cc",
      "local_hash": "7d9b063115f6d9d91450e62feab05de1594684f4ffb76b0dafdf15daf9340fce",
      "status": "modified",
      "sync": "node-only"
    },
    ".claude/skills/tdd/SKILL.md": {
      "origin": "scaffold",
      "scaffold_hash": "77d65b1a6ea15921d883e556600d05ce685c40b46e837b1c7a281f736b12b034",
      "local_hash": "77d65b1a6ea15921d883e556600d05ce685c40b46e837b1c7a281f736b12b034",
      "status": "clean",
      "sync": "tracked"
    },
    "docs/templates/checkpoint.md": {
      "origin": "scaffold",
      "scaffold_hash": "f40c1a6838293a7bf800e071a73c0d18bfcf2e3a265dd31c94b4a251172f6718",
      "local_hash": "f40c1a6838293a7bf800e071a73c0d18bfcf2e3a265dd31c94b4a251172f6718",
      "status": "clean",
      "sync": "tracked"
    },
    "docs/templates/plan.md": {
      "origin": "scaffold",
      "scaffold_hash": "7961317e4cac9d84ba69567def985a527280220b564b0dec631ee0553a5326b5",
      "local_hash": "7961317e4cac9d84ba69567def985a527280220b564b0dec631ee0553a5326b5",
      "status": "clean",
      "sync": "tracked"
    },
    "docs/templates/spec.md": {
      "origin": "scaffold",
      "scaffold_hash": "c3a7a1016a913d34a681ead53f0e6a3876ad237d44fdb682a2042d0ce8b343e1",
      "local_hash": "c3a7a1016a913d34a681ead53f0e6a3876ad237d44fdb682a2042d0ce8b343e1",
      "status": "clean",
      "sync": "tracked"
    },
    "scripts/fix-cloudflare-certs.sh": {
      "origin": "scaffold",
      "scaffold_hash": "09d5cc9ff708e90a1f2d846e70b92f7f388ca24c28a5fc452bfe66e6d5e5ab8d",
      "local_hash": "09d5cc9ff708e90a1f2d846e70b92f7f388ca24c28a5fc452bfe66e6d5e5ab8d",
      "status": "clean"
    },
    "scripts/scaffold-sync.sh": {
      "origin": "scaffold",
      "scaffold_hash": "80d111175fbb993b6293a52864218349504e26062dae74bc6ed29206d6dc934e",
      "local_hash": "80d111175fbb993b6293a52864218349504e26062dae74bc6ed29206d6dc934e",
      "status": "clean"
    },
    "GUIDE.md": {
      "origin": "scaffold",
      "scaffold_hash": "066a53f0dc1074282123824b09c841a108f6f4f3d609d4d709c6cb61e9c917f4",
      "local_hash": "066a53f0dc1074282123824b09c841a108f6f4f3d609d4d709c6cb61e9c917f4",
      "status": "clean",
      "sync": "tracked"
    },
    "SCAFFOLD_FRAMEWORK.md": {
      "origin": "scaffold",
      "scaffold_hash": "86f37177ec0f643a79bcd92de598a1cef3e25aaffd6975bb156f62075c56d2a0",
      "local_hash": "86f37177ec0f643a79bcd92de598a1cef3e25aaffd6975bb156f62075c56d2a0",
      "status": "clean"
    },
    ".claude/commands/scaffold-ignore.md": {
      "origin": "scaffold",
      "scaffold_hash": "14d283da82df17b10809f841973dbf590397b7a713fb7910289785e2a7b76c63",
      "local_hash": "14d283da82df17b10809f841973dbf590397b7a713fb7910289785e2a7b76c63",
      "status": "clean"
    },
    ".claude/rules/deterministic-first.md": {
      "origin": "scaffold",
      "scaffold_hash": "2d5fad689a823e7b09f0fb9e03d263bed365f33106ce2599c4e71f83b4232243",
      "local_hash": "2d5fad689a823e7b09f0fb9e03d263bed365f33106ce2599c4e71f83b4232243",
      "status": "clean"
    },
    "docs/templates/hooks-reference.md": {
      "origin": "scaffold",
      "scaffold_hash": "eb03fd3ba5ed6e52c04cff9dda559f3959487344c050af82c1b74f511f6260e6",
      "local_hash": "eb03fd3ba5ed6e52c04cff9dda559f3959487344c050af82c1b74f511f6260e6",
      "status": "clean"
    },
    "CLAUDE.md": {
      "origin": "scaffold",
      "scaffold_hash": "00c09be72fd3957c170a317340ca4a67a4a555ade073e64152096a0387f32dc3",
      "local_hash": "00c09be72fd3957c170a317340ca4a67a4a555ade073e64152096a0387f32dc3",
      "status": "clean",
      "sync": "tracked"
    },
    ".claude/hooks/protect-files.sh": {
      "scaffold_hash": "f4738ac6a12332ba19799ac47dcd335a0e729e3cb3817f6c7f64224ecec8af26",
      "local_hash": "f4738ac6a12332ba19799ac47dcd335a0e729e3cb3817f6c7f64224ecec8af26",
      "status": "clean"
    },
    ".claude/hooks/format-on-write.sh": {
      "scaffold_hash": "a243b5842ccfb468196e1c6725d77d9f3ad9becb156a422697f9d0c63c5ef277",
      "local_hash": "a243b5842ccfb468196e1c6725d77d9f3ad9becb156a422697f9d0c63c5ef277",
      "status": "clean",
      "origin": "scaffold",
      "sync": "tracked"
    },
    ".claude/commands/scaffold-audit.md": {
      "origin": "scaffold",
      "scaffold_hash": "a8e025a469275293130d2517bdd50eef59c70b79989f77ce8d48eb397f497037",
      "local_hash": "a8e025a469275293130d2517bdd50eef59c70b79989f77ce8d48eb397f497037",
      "status": "clean",
      "sync": "tracked"
    },
    ".claude/rules/self-review.md": {
      "origin": "scaffold",
      "scaffold_hash": "4f80fd195af03943f3c8b049faea507d44a9404109a4164ebd9d5ca7d59a3354",
      "local_hash": "4f80fd195af03943f3c8b049faea507d44a9404109a4164ebd9d5ca7d59a3354",
      "status": "clean",
      "sync": "tracked"
    },
    ".claude/commands/security-audit.md": {
      "origin": "scaffold",
      "scaffold_hash": "942f45234793bddfe935ca790696defae80cf76b07e22950dd12b37ff144e6ab",
      "local_hash": "942f45234793bddfe935ca790696defae80cf76b07e22950dd12b37ff144e6ab",
      "status": "clean"
    },
    ".claude/hooks/lint-on-write.sh": {
      "origin": "scaffold",
      "scaffold_hash": "f43b5defd042437cefe21ab478f920303d7e84c8d84c0b47021bda4574e20241",
      "local_hash": "f43b5defd042437cefe21ab478f920303d7e84c8d84c0b47021bda4574e20241",
      "status": "clean",
      "sync": "tracked"
    },
    "scripts/security-audit.sh": {
      "origin": "scaffold",
      "scaffold_hash": "b52128c6c7aa0eafed9f246b0b772a9554aa219e09a9ca0d0aff0b871ccd7c15",
      "local_hash": "b52128c6c7aa0eafed9f246b0b772a9554aa219e09a9ca0d0aff0b871ccd7c15",
      "status": "clean"
    },
    "scripts/fetch-license.sh": {
      "origin": "scaffold",
      "scaffold_hash": "157192855692eff1d05fc5285f7dfadf7f116a8d054c98f757cc7f0b47d6ee01",
      "local_hash": "157192855692eff1d05fc5285f7dfadf7f116a8d054c98f757cc7f0b47d6ee01",
      "status": "clean"
    },
    "scripts/manifest-check.sh": {
      "origin": "scaffold",
      "scaffold_hash": "a76073a11a9d6fb4540631f9c4b2a26bf573d5e59dbb88406d9307622a3a3aac",
      "local_hash": "a76073a11a9d6fb4540631f9c4b2a26bf573d5e59dbb88406d9307622a3a3aac",
      "status": "clean",
      "sync": "tracked"
    },
    ".claude/commands/commit.md": {
      "origin": "scaffold",
      "scaffold_hash": "1ab791e4985c34b026e0c23a039a360760a820648c49cd249533b63c8e3179d8",
      "local_hash": "1ab791e4985c34b026e0c23a039a360760a820648c49cd249533b63c8e3179d8",
      "status": "clean"
    },
    ".claude/commands/pr.md": {
      "origin": "scaffold",
      "scaffold_hash": "7a3195ffd7344e608370f306010675ce358ffdebeb94e4da7b1f71839cb91891",
      "local_hash": "7a3195ffd7344e608370f306010675ce358ffdebeb94e4da7b1f71839cb91891",
      "status": "clean"
    },
    ".claude/hooks/branch-name-lint.sh": {
      "origin": "scaffold",
      "scaffold_hash": "e1ca1b9219ea886c3a937806e359dcfdecf8cd0ae2f4a7dafd9ec062355ba1d3",
      "local_hash": "e1ca1b9219ea886c3a937806e359dcfdecf8cd0ae2f4a7dafd9ec062355ba1d3",
      "status": "clean"
    },
    ".claude/hooks/commit-msg-lint.sh": {
      "origin": "scaffold",
      "scaffold_hash": "0467788f9961f78bb5795e8ca0ca248e13c0c125a6dc9b627a6dcfd4c44cee77",
      "local_hash": "0467788f9961f78bb5795e8ca0ca248e13c0c125a6dc9b627a6dcfd4c44cee77",
      "status": "clean"
    },
    "docs/templates/assumptions.md": {
      "origin": "scaffold",
      "scaffold_hash": "798ca8e8cc6f53b2307a02b9791b6c981001bd277635bed60fad4aeee9b3a21e",
      "local_hash": "798ca8e8cc6f53b2307a02b9791b6c981001bd277635bed60fad4aeee9b3a21e",
      "status": "clean"
    },
    "docs/templates/scaffold.json.md": {
      "origin": "scaffold",
      "scaffold_hash": "1d9ebbcf9ec35c1e7c2028263aed5255f3e8e9360801854385898472328a6424",
      "local_hash": "1d9ebbcf9ec35c1e7c2028263aed5255f3e8e9360801854385898472328a6424",
      "status": "clean"
    },
    "scripts/context-budget.sh": {
      "origin": "scaffold",
      "scaffold_hash": "09ebbdea2709fa21c644c035bc8509f727bcd86088735df22caf50b18a193eb1",
      "local_hash": "09ebbdea2709fa21c644c035bc8509f727bcd86088735df22caf50b18a193eb1",
      "status": "clean"
    },
    "scripts/docs-check.sh": {
      "origin": "scaffold",
      "scaffold_hash": "ffd31b3bcd2b64f780dd9561d7e674eb3af02ffb83d6546cea607c2b825adbb2",
      "local_hash": "ffd31b3bcd2b64f780dd9561d7e674eb3af02ffb83d6546cea607c2b825adbb2",
      "status": "clean"
    },
    "scripts/operations.sh": {
      "origin": "scaffold",
      "scaffold_hash": "a3a50ce9ae6b9dac973d5b21b25e06e1d06da9477ced5247aa74cfa11b0fab9b",
      "local_hash": "a3a50ce9ae6b9dac973d5b21b25e06e1d06da9477ced5247aa74cfa11b0fab9b",
      "status": "clean"
    },
    "scripts/permissions-audit.sh": {
      "origin": "scaffold",
      "scaffold_hash": "56a1fa8dc0cb87a35d55be3557593ff900e82091fe07534d12396f581b1a2af2",
      "local_hash": "56a1fa8dc0cb87a35d55be3557593ff900e82091fe07534d12396f581b1a2af2",
      "status": "clean"
    }
  }
}
