{
  "hub_source": "~/projects/ccanvil",
  "hub_version": "a3907f6",
  "synced_at": "1778631461",
  "files": {
    ".ccanvil/guide/command-reference.md": {
      "origin": "hub",
      "hub_hash": "20030b57b8898a7a484cb67ec3ff6544347a28377640c611ececafdffa6498ea",
      "local_hash": "20030b57b8898a7a484cb67ec3ff6544347a28377640c611ececafdffa6498ea",
      "status": "clean",
      "sync": "tracked"
    },
    ".ccanvil/guide/configuration.md": {
      "origin": "hub",
      "hub_hash": "b27ca686e8298aadf6d9bde551b1c305e8868b99e5526ffa4c9acc20fb448b1a",
      "local_hash": "b27ca686e8298aadf6d9bde551b1c305e8868b99e5526ffa4c9acc20fb448b1a",
      "status": "clean",
      "sync": "tracked"
    },
    ".ccanvil/guide/core-workflow.md": {
      "origin": "hub",
      "hub_hash": "ec341327930e358593ff2d07110f7398ebc62283a45276dd402239e78334e1db",
      "local_hash": "ec341327930e358593ff2d07110f7398ebc62283a45276dd402239e78334e1db",
      "status": "clean",
      "sync": "tracked"
    },
    ".ccanvil/guide/decision-guide.md": {
      "origin": "hub",
      "hub_hash": "4b0d9a6fead769330e3fb5bacc614db44588b3ef232050f151c5a6ebc1121a45",
      "local_hash": "4b0d9a6fead769330e3fb5bacc614db44588b3ef232050f151c5a6ebc1121a45",
      "status": "clean",
      "sync": "tracked"
    },
    ".ccanvil/guide/foundations.md": {
      "origin": "hub",
      "hub_hash": "da8c9061c30cf613b2f439bf7a472919cd6b9b22d49ff596cf58c0ddf39f81fd",
      "local_hash": "da8c9061c30cf613b2f439bf7a472919cd6b9b22d49ff596cf58c0ddf39f81fd",
      "status": "clean",
      "sync": "tracked"
    },
    ".ccanvil/guide/getting-started.md": {
      "origin": "hub",
      "hub_hash": "f93f905def34098fdf041e43dbc3e264c43aec613c688cfa5001adc48046429e",
      "local_hash": "f93f905def34098fdf041e43dbc3e264c43aec613c688cfa5001adc48046429e",
      "status": "clean",
      "sync": "tracked"
    },
    ".ccanvil/guide/hooks.md": {
      "origin": "hub",
      "hub_hash": "dd51af215487152c33bbd513182fc89fa46d752cde465f6bc5a2bdaafbe81d4c",
      "local_hash": "dd51af215487152c33bbd513182fc89fa46d752cde465f6bc5a2bdaafbe81d4c",
      "status": "clean",
      "sync": "tracked"
    },
    ".ccanvil/guide/index.md": {
      "origin": "hub",
      "hub_hash": "82e6b8397c92cb9e17c1a459e96d7018bc3e903d44d2bd46b5ff31e1749196a7",
      "local_hash": "82e6b8397c92cb9e17c1a459e96d7018bc3e903d44d2bd46b5ff31e1749196a7",
      "status": "clean",
      "sync": "tracked"
    },
    ".ccanvil/guide/parallel-sessions.md": {
      "origin": "hub",
      "hub_hash": "4ec95cb92ce2de9bdfb42426f800650eb8b6336631df79bac9070d46fdc28cea",
      "local_hash": "4ec95cb92ce2de9bdfb42426f800650eb8b6336631df79bac9070d46fdc28cea",
      "status": "clean",
      "sync": "tracked"
    },
    ".ccanvil/guide/session-management.md": {
      "origin": "hub",
      "hub_hash": "21039b2d90052b5d024f6664ee85c956063b61bc97744c7cc7fb9dd1ce492686",
      "local_hash": "21039b2d90052b5d024f6664ee85c956063b61bc97744c7cc7fb9dd1ce492686",
      "status": "clean",
      "sync": "tracked"
    },
    ".ccanvil/guide/sync.md": {
      "origin": "hub",
      "hub_hash": "700c71795ad4ed21c027e4d36673871154af9a8890cce2259486e651b3bf30dd",
      "local_hash": "700c71795ad4ed21c027e4d36673871154af9a8890cce2259486e651b3bf30dd",
      "status": "clean",
      "sync": "tracked"
    },
    ".ccanvil/guide/system-overview.md": {
      "origin": "hub",
      "hub_hash": "bdc8e0c889152686cc6156c34ea8fc95f484acb25b3d2391626f780449bea4e6",
      "local_hash": "bdc8e0c889152686cc6156c34ea8fc95f484acb25b3d2391626f780449bea4e6",
      "status": "clean",
      "sync": "tracked"
    },
    ".ccanvil/scripts/ccanvil-sync.sh": {
      "origin": "hub",
      "hub_hash": "195da969449bfa71e660e8bdb44075f5a3847fb146a7eb78d38f0cb243daea21",
      "local_hash": "195da969449bfa71e660e8bdb44075f5a3847fb146a7eb78d38f0cb243daea21",
      "status": "clean",
      "sync": "tracked"
    },
    ".ccanvil/scripts/context-budget.sh": {
      "origin": "hub",
      "hub_hash": "33d63f48b351192aa73cbeab4094eedd1eccabce4b998131195671e7c9ab1717",
      "local_hash": "33d63f48b351192aa73cbeab4094eedd1eccabce4b998131195671e7c9ab1717",
      "status": "clean",
      "sync": "tracked"
    },
    ".ccanvil/scripts/docs-check.sh": {
      "origin": "hub",
      "hub_hash": "195d796ff7ac030fa76ac94042a07f303b8f83cb2a5592dba1021412890af4fb",
      "local_hash": "195d796ff7ac030fa76ac94042a07f303b8f83cb2a5592dba1021412890af4fb",
      "status": "clean",
      "sync": "tracked"
    },
    ".ccanvil/scripts/fetch-license.sh": {
      "origin": "hub",
      "hub_hash": "39cb5060971feeb44261ae4b45ac9efbb6f0112da5cbe0a7d63f9614dc5b8b19",
      "local_hash": "39cb5060971feeb44261ae4b45ac9efbb6f0112da5cbe0a7d63f9614dc5b8b19",
      "status": "clean",
      "sync": "tracked"
    },
    ".ccanvil/scripts/fix-cloudflare-certs.sh": {
      "origin": "hub",
      "hub_hash": "11d5155d8ae3017b255e4fa217f3e7946fe4a6acda8474f4308a5deee97898cc",
      "local_hash": "11d5155d8ae3017b255e4fa217f3e7946fe4a6acda8474f4308a5deee97898cc",
      "status": "clean",
      "sync": "tracked"
    },
    ".ccanvil/scripts/manifest-check.sh": {
      "origin": "hub",
      "hub_hash": "d4f6bfa5d78c92c0a9e2af61887bddb6108ab718a5f5445d426637eb36d5c45e",
      "local_hash": "d4f6bfa5d78c92c0a9e2af61887bddb6108ab718a5f5445d426637eb36d5c45e",
      "status": "clean",
      "sync": "tracked"
    },
    ".ccanvil/scripts/operations.sh": {
      "origin": "hub",
      "hub_hash": "bff29bc43d5b5e7ff8a53c26f25e58011a0a76f36e75d9262befabaca68b7f6b",
      "local_hash": "bff29bc43d5b5e7ff8a53c26f25e58011a0a76f36e75d9262befabaca68b7f6b",
      "status": "clean",
      "sync": "tracked"
    },
    ".ccanvil/scripts/permissions-audit.sh": {
      "origin": "hub",
      "hub_hash": "014046fa77823ed4c0ac1243b1f97a01892442873b96adafe2703614d805636f",
      "local_hash": "014046fa77823ed4c0ac1243b1f97a01892442873b96adafe2703614d805636f",
      "status": "clean",
      "sync": "tracked"
    },
    ".ccanvil/scripts/security-audit.sh": {
      "origin": "hub",
      "hub_hash": "182622b730b9818a6992d6bc266c0a550254bc10e6abc6c4ddb76db8932784b5",
      "local_hash": "182622b730b9818a6992d6bc266c0a550254bc10e6abc6c4ddb76db8932784b5",
      "status": "clean",
      "sync": "tracked"
    },
    ".ccanvil/templates/assumptions.md": {
      "origin": "hub",
      "hub_hash": "3ea4d54b9d05db9995e87ac6023ee469b8068835df525c88a1587f573d8f8719",
      "local_hash": "3ea4d54b9d05db9995e87ac6023ee469b8068835df525c88a1587f573d8f8719",
      "status": "clean",
      "sync": "tracked"
    },
    ".ccanvil/templates/ccanvil.json.md": {
      "origin": "hub",
      "hub_hash": "477904b9b6daf578a7c3248578880f981518725f1c51260d504614bad60803f5",
      "local_hash": "477904b9b6daf578a7c3248578880f981518725f1c51260d504614bad60803f5",
      "status": "clean",
      "sync": "tracked"
    },
    ".ccanvil/templates/hooks-reference.md": {
      "origin": "hub",
      "hub_hash": "66fe9bf6e391b8bdf0d1c74d60c6fbbb63e8cc5e3c9c58f89e1666c1570e777b",
      "local_hash": "66fe9bf6e391b8bdf0d1c74d60c6fbbb63e8cc5e3c9c58f89e1666c1570e777b",
      "status": "clean",
      "sync": "tracked"
    },
    ".ccanvil/templates/plan.md": {
      "origin": "hub",
      "hub_hash": "8830503ddbc27acc57336a3daf5f207103da900bc68341c8af2bd5078879a966",
      "local_hash": "8830503ddbc27acc57336a3daf5f207103da900bc68341c8af2bd5078879a966",
      "status": "clean",
      "sync": "tracked"
    },
    ".ccanvil/templates/spec.md": {
      "origin": "hub",
      "hub_hash": "8c5b7ad51361f7ec4675b3dc345fc315ab7465e41e18a1ae4632ce6e723f2c94",
      "local_hash": "8c5b7ad51361f7ec4675b3dc345fc315ab7465e41e18a1ae4632ce6e723f2c94",
      "status": "clean",
      "sync": "tracked"
    },
    ".claude/agents/ccanvil-differ.md": {
      "origin": "hub",
      "hub_hash": "819fdb0e032e7df80eff4fab2bedf5d6c1caa66331b5f3c8867ffbd701fc0a2d",
      "local_hash": "819fdb0e032e7df80eff4fab2bedf5d6c1caa66331b5f3c8867ffbd701fc0a2d",
      "status": "clean",
      "sync": "tracked"
    },
    ".claude/agents/code-reviewer.md": {
      "origin": "hub",
      "hub_hash": "bd43baeddb259e1aec238a400dc247020cf990f4ccbdcaf786b001009dec9fc5",
      "local_hash": "bd43baeddb259e1aec238a400dc247020cf990f4ccbdcaf786b001009dec9fc5",
      "status": "clean",
      "sync": "tracked"
    },
    ".claude/agents/spec-writer.md": {
      "origin": "hub",
      "hub_hash": "0a4df9e49b3ebab9f674908769bbca8c926655daaa47eeabfc181df4cb9a7944",
      "local_hash": "0a4df9e49b3ebab9f674908769bbca8c926655daaa47eeabfc181df4cb9a7944",
      "status": "clean",
      "sync": "tracked"
    },
    ".claude/ccanvil.json": {
      "origin": "hub",
      "hub_hash": "8f27220282f25085496804d34ea25b9b4eea58b9eff84903b42d58fd07a5164b",
      "local_hash": "8f27220282f25085496804d34ea25b9b4eea58b9eff84903b42d58fd07a5164b",
      "status": "clean",
      "sync": "tracked"
    },
    ".claude/commands/ccanvil-audit.md": {
      "origin": "hub",
      "hub_hash": "2a0a9979a377fa1f64fb8a6dad8665f24588a391aea7b056c15d2df734557b98",
      "local_hash": "2a0a9979a377fa1f64fb8a6dad8665f24588a391aea7b056c15d2df734557b98",
      "status": "clean",
      "sync": "tracked"
    },
    ".claude/commands/ccanvil-demote.md": {
      "origin": "hub",
      "hub_hash": "2031fd9f1c89597d20ca8cef50e451f112962326a12b83fd473eacbef919dedd",
      "local_hash": "2031fd9f1c89597d20ca8cef50e451f112962326a12b83fd473eacbef919dedd",
      "status": "clean",
      "sync": "tracked"
    },
    ".claude/commands/ccanvil-ignore.md": {
      "origin": "hub",
      "hub_hash": "ee17f6b01e6babb13e89cf015712f35b1a562984efa2aec1e987962edbc93aba",
      "local_hash": "ee17f6b01e6babb13e89cf015712f35b1a562984efa2aec1e987962edbc93aba",
      "status": "clean",
      "sync": "tracked"
    },
    ".claude/commands/ccanvil-promote.md": {
      "origin": "hub",
      "hub_hash": "f9f8ae71234baafe62d617b3c0161e2d1963227241031bcb6d89d4bd4f6777f4",
      "local_hash": "f9f8ae71234baafe62d617b3c0161e2d1963227241031bcb6d89d4bd4f6777f4",
      "status": "clean",
      "sync": "tracked"
    },
    ".claude/commands/ccanvil-pull.md": {
      "origin": "hub",
      "hub_hash": "e6fde288026cd038e77ceb9f32a15344a1fe32f669d0c2e2cb6070091a326114",
      "local_hash": "e6fde288026cd038e77ceb9f32a15344a1fe32f669d0c2e2cb6070091a326114",
      "status": "clean",
      "sync": "tracked"
    },
    ".claude/commands/ccanvil-push.md": {
      "origin": "hub",
      "hub_hash": "7e8672d8d1b9dcddb5f4b3690e17fda3ef14994d1006effe18239c2d4ca53e3c",
      "local_hash": "7e8672d8d1b9dcddb5f4b3690e17fda3ef14994d1006effe18239c2d4ca53e3c",
      "status": "clean",
      "sync": "tracked"
    },
    ".claude/commands/ccanvil-status.md": {
      "origin": "hub",
      "hub_hash": "0e39c3d10c46dbd53c43e1d46e0555dc816e6ee564562b328888b6c53cf96345",
      "local_hash": "0e39c3d10c46dbd53c43e1d46e0555dc816e6ee564562b328888b6c53cf96345",
      "status": "clean",
      "sync": "tracked"
    },
    ".claude/commands/commit.md": {
      "origin": "hub",
      "hub_hash": "21e108f8328c25e899ff2f93f29720c046bea81abcf60e632026d5fc53122f07",
      "local_hash": "21e108f8328c25e899ff2f93f29720c046bea81abcf60e632026d5fc53122f07",
      "status": "clean",
      "sync": "tracked"
    },
    ".claude/commands/fix-certs.md": {
      "origin": "hub",
      "hub_hash": "1a3268d603901e8be423fbc4d77f16bbb2112ea129b0127209e02c2365c6b032",
      "local_hash": "1a3268d603901e8be423fbc4d77f16bbb2112ea129b0127209e02c2365c6b032",
      "status": "clean",
      "sync": "tracked"
    },
    ".claude/commands/new-component.md": {
      "origin": "local",
      "hub_hash": null,
      "local_hash": "505ce860994967e889596df0bf8e48bb3523a87ef87ec0dc2b56d8e64b8bcef6",
      "status": "local-only",
      "sync": "tracked"
    },
    ".claude/commands/plan.md": {
      "origin": "hub",
      "hub_hash": "d966965317904f2ee240705c4915c3bbd1d5fd64eb2d3aacbfc78657cf9f154a",
      "local_hash": "d966965317904f2ee240705c4915c3bbd1d5fd64eb2d3aacbfc78657cf9f154a",
      "status": "clean",
      "sync": "tracked"
    },
    ".claude/commands/pr.md": {
      "origin": "hub",
      "hub_hash": "131526d00946ff4182dff3ecc576a4a46c9cef90de27aed5b63cfb78a65181a3",
      "local_hash": "131526d00946ff4182dff3ecc576a4a46c9cef90de27aed5b63cfb78a65181a3",
      "status": "clean",
      "sync": "tracked"
    },
    ".claude/commands/review.md": {
      "origin": "hub",
      "hub_hash": "36063e12d6ccb7e6a828b63c9dee105e2cb11da1d4304236be0d5b3436cc537d",
      "local_hash": "36063e12d6ccb7e6a828b63c9dee105e2cb11da1d4304236be0d5b3436cc537d",
      "status": "clean",
      "sync": "tracked"
    },
    ".claude/commands/security-audit.md": {
      "origin": "hub",
      "hub_hash": "9c71034d2d471c33f1834ea7246dbe8cae35f756a1ee65f4b2e5a44d79cc4fef",
      "local_hash": "9c71034d2d471c33f1834ea7246dbe8cae35f756a1ee65f4b2e5a44d79cc4fef",
      "status": "clean",
      "sync": "tracked"
    },
    ".claude/hooks/branch-name-lint.sh": {
      "origin": "hub",
      "hub_hash": "d74f5f70ebdf3daedc733cd12ba50826867162aed220e2cd5af6725eb4c42bf3",
      "local_hash": "d74f5f70ebdf3daedc733cd12ba50826867162aed220e2cd5af6725eb4c42bf3",
      "status": "clean",
      "sync": "tracked"
    },
    ".claude/hooks/commit-msg-lint.sh": {
      "origin": "hub",
      "hub_hash": "df564f4c0e967a5cc218d410dfad92db9869eea81573cf2473786563f098936e",
      "local_hash": "df564f4c0e967a5cc218d410dfad92db9869eea81573cf2473786563f098936e",
      "status": "clean",
      "sync": "tracked"
    },
    ".claude/hooks/format-on-write.sh": {
      "origin": "hub",
      "hub_hash": "de1da6e106f861384c72ee47fc309859dc6ecf04dbd9ef73186e2fd6a9dc049c",
      "local_hash": "de1da6e106f861384c72ee47fc309859dc6ecf04dbd9ef73186e2fd6a9dc049c",
      "status": "clean",
      "sync": "tracked"
    },
    ".claude/hooks/lint-on-write.sh": {
      "origin": "hub",
      "hub_hash": "601d9c0aa7297e1aed3acdb3dc4aead30f324ee3a38407f5469c786602722260",
      "local_hash": "601d9c0aa7297e1aed3acdb3dc4aead30f324ee3a38407f5469c786602722260",
      "status": "clean",
      "sync": "tracked"
    },
    ".claude/hooks/protect-files.sh": {
      "origin": "hub",
      "hub_hash": "d3fd85298f22c192e7251ff1471d8d25b69e32319656b4b4d66d7a75c0b308ea",
      "local_hash": "d3fd85298f22c192e7251ff1471d8d25b69e32319656b4b4d66d7a75c0b308ea",
      "status": "clean",
      "sync": "tracked"
    },
    ".claude/hooks/protect-main.sh": {
      "origin": "hub",
      "hub_hash": "27c85fd6d35cf66800e8d70444cfeb1d69194b493b1443c4fbb952a811ac497b",
      "local_hash": "27c85fd6d35cf66800e8d70444cfeb1d69194b493b1443c4fbb952a811ac497b",
      "status": "clean",
      "sync": "tracked"
    },
    ".claude/rules/code-quality.md": {
      "origin": "hub",
      "hub_hash": "22bdf43faf32c9a10305df7152db6c17fd2ce61c4e0431e8a89d74e911f81fe5",
      "local_hash": "22bdf43faf32c9a10305df7152db6c17fd2ce61c4e0431e8a89d74e911f81fe5",
      "status": "clean",
      "sync": "tracked"
    },
    ".claude/rules/components.md": {
      "origin": "local",
      "hub_hash": null,
      "local_hash": "b30d5f8c0d7160decfc98f07ad6263d2057246de560ef38738f19f29429e9220",
      "status": "local-only",
      "sync": "tracked"
    },
    ".claude/rules/deterministic-first.md": {
      "origin": "hub",
      "hub_hash": "68cac8e271515193af0469b490ce63fb6bb328d9e56b21a99f1fe0d4c5946846",
      "local_hash": "68cac8e271515193af0469b490ce63fb6bb328d9e56b21a99f1fe0d4c5946846",
      "status": "clean",
      "sync": "tracked"
    },
    ".claude/rules/self-review.md": {
      "origin": "hub",
      "hub_hash": "5e9bee9e37fd70e6960e51f85ae818dbe5ce3bb25747fc3c25f3b6a72d3ed350",
      "local_hash": "5e9bee9e37fd70e6960e51f85ae818dbe5ce3bb25747fc3c25f3b6a72d3ed350",
      "status": "clean",
      "sync": "tracked"
    },
    ".claude/rules/sketches.md": {
      "origin": "local",
      "hub_hash": null,
      "local_hash": "c7ab7044ab3021f49d45b6aaaa46ccc26e60a39bd2f9fed38ac19d01c791da65",
      "status": "local-only",
      "sync": "tracked"
    },
    ".claude/rules/tdd.md": {
      "origin": "hub",
      "hub_hash": "6be8f2dd36989dbcd58e4b0037181809daf27ddd7e2dc616cc09429dd8847d24",
      "local_hash": "6be8f2dd36989dbcd58e4b0037181809daf27ddd7e2dc616cc09429dd8847d24",
      "status": "clean",
      "sync": "tracked"
    },
    ".claude/rules/workflow.md": {
      "origin": "hub",
      "hub_hash": "02b33ea40172846e47b16b61dc83feadd3690334faef0e94f95a8d03da8bb3ec",
      "local_hash": "02b33ea40172846e47b16b61dc83feadd3690334faef0e94f95a8d03da8bb3ec",
      "status": "clean",
      "sync": "tracked"
    },
    ".claude/settings.json": {
      "origin": "hub",
      "hub_hash": "4d32e6185079ba66eb65efeee37eb31e5e8df4cfdeaac886987ca321ac726607",
      "local_hash": "4d32e6185079ba66eb65efeee37eb31e5e8df4cfdeaac886987ca321ac726607",
      "status": "clean",
      "sync": "tracked"
    },
    ".claude/skills/tdd/SKILL.md": {
      "origin": "hub",
      "hub_hash": "fd23e6ced13e5bf312e9e6678e5b8d23da7353c7b63cb17edcfd7da6cac828f8",
      "local_hash": "fd23e6ced13e5bf312e9e6678e5b8d23da7353c7b63cb17edcfd7da6cac828f8",
      "status": "clean",
      "sync": "tracked"
    },
    "CLAUDE.md": {
      "origin": "hub",
      "hub_hash": "7b6ff24185446e689fb0d3591cc5be44e24bb3ec1b3abe638ad5650ace3f175e",
      "local_hash": "7b6ff24185446e689fb0d3591cc5be44e24bb3ec1b3abe638ad5650ace3f175e",
      "status": "clean",
      "sync": "tracked"
    },
    ".ccanvil/templates/roadmap.md": {
      "origin": "hub",
      "hub_hash": "92fe329388e5eecc7db4f49b82ec2c8af14d197af9ab72617986a02f54d84a66",
      "local_hash": "92fe329388e5eecc7db4f49b82ec2c8af14d197af9ab72617986a02f54d84a66",
      "status": "clean"
    },
    ".claude/agents/strategic-advisor.md": {
      "origin": "hub",
      "hub_hash": "00ed4fde338c6c31c6766c49c15d0ec60ad83a3fb498ac5b73e436f571480032",
      "local_hash": "00ed4fde338c6c31c6766c49c15d0ec60ad83a3fb498ac5b73e436f571480032",
      "status": "clean",
      "sync": "tracked"
    },
    ".claude/skills/idea/SKILL.md": {
      "origin": "hub",
      "hub_hash": "8b6fcc2e8a99354cb7484f5bf3d6a7ea2f133fa81adad5dd7e435ac55a93f3ba",
      "local_hash": "8b6fcc2e8a99354cb7484f5bf3d6a7ea2f133fa81adad5dd7e435ac55a93f3ba",
      "status": "clean",
      "sync": "tracked"
    },
    ".claude/skills/radar/SKILL.md": {
      "origin": "hub",
      "hub_hash": "e4c0ddd49ccbfde0dacf3e77e75b1606a591999faef682575512fbc1d475e209",
      "local_hash": "e4c0ddd49ccbfde0dacf3e77e75b1606a591999faef682575512fbc1d475e209",
      "status": "clean",
      "sync": "tracked"
    },
    ".claude/hooks/guard-destructive.sh": {
      "origin": "hub",
      "hub_hash": "ed3d88ef3e4501cf53f498c8f6bff59214680accc31b2319df7c99470ee8b776",
      "local_hash": "ed3d88ef3e4501cf53f498c8f6bff59214680accc31b2319df7c99470ee8b776",
      "status": "clean",
      "sync": "tracked"
    },
    ".claude/hooks/guard-force-push.sh": {
      "origin": "hub",
      "hub_hash": "fbe9477349e2e9f64fb9d7ecd098048557c65e5d052d33661f259f0a2592e548",
      "local_hash": "fbe9477349e2e9f64fb9d7ecd098048557c65e5d052d33661f259f0a2592e548",
      "status": "clean",
      "sync": "tracked"
    },
    ".claude/skills/spec/SKILL.md": {
      "origin": "hub",
      "hub_hash": "ceb7e72cb915cb8b9e3eebfccbaa2c09c01c09ada66ca2c813a60c73f0c31337",
      "local_hash": "ceb7e72cb915cb8b9e3eebfccbaa2c09c01c09ada66ca2c813a60c73f0c31337",
      "status": "clean",
      "sync": "tracked"
    },
    ".claude/skills/ccanvil-pull-globals/SKILL.md": {
      "origin": "hub",
      "hub_hash": "4f8612d045e938017704681623b819616100ff937abddf5ac40aafcb38773352",
      "local_hash": "4f8612d045e938017704681623b819616100ff937abddf5ac40aafcb38773352",
      "status": "clean",
      "sync": "tracked"
    },
    ".ccanvil/templates/stasis.md": {
      "origin": "hub",
      "hub_hash": "83ee40a53b1d7622080e33eecf71b041a5c75ab2b5e5aa3a50beedda27120e20",
      "local_hash": "83ee40a53b1d7622080e33eecf71b041a5c75ab2b5e5aa3a50beedda27120e20",
      "status": "clean",
      "sync": "tracked"
    },
    ".claude/skills/recall/SKILL.md": {
      "origin": "hub",
      "hub_hash": "3193bb27ef07620f5355a7218df7c10edbf79f4f3ba96409d8108dcc3f3106d5",
      "local_hash": "3193bb27ef07620f5355a7218df7c10edbf79f4f3ba96409d8108dcc3f3106d5",
      "status": "clean",
      "sync": "tracked"
    },
    ".claude/skills/stasis/SKILL.md": {
      "origin": "hub",
      "hub_hash": "395f6179dd48ee63f0e577214aad6519b7e49b6d195c092bf36a34cec3404ad1",
      "local_hash": "395f6179dd48ee63f0e577214aad6519b7e49b6d195c092bf36a34cec3404ad1",
      "status": "clean",
      "sync": "tracked"
    },
    ".ccanvil/guide/ideas-migration.md": {
      "origin": "hub",
      "hub_hash": "d1dbb0dfc600d876b4f99f7a2656866ea2d8bfb4db419fc9045023195f2fd31e",
      "local_hash": "d1dbb0dfc600d876b4f99f7a2656866ea2d8bfb4db419fc9045023195f2fd31e",
      "status": "clean",
      "sync": "tracked"
    },
    ".ccanvil/scripts/bats-lint.sh": {
      "origin": "hub",
      "hub_hash": "9ab09cc081df216ffe918568746b006eb84bae5c53a56b3340e025e0035d8a88",
      "local_hash": "9ab09cc081df216ffe918568746b006eb84bae5c53a56b3340e025e0035d8a88",
      "status": "clean",
      "sync": "tracked"
    },
    ".ccanvil/scripts/bats-profile.sh": {
      "origin": "hub",
      "hub_hash": "60540a97af8db017cf4eb1b3f3e70dcbbe200403fbe3c148b122db7c8238795b",
      "local_hash": "60540a97af8db017cf4eb1b3f3e70dcbbe200403fbe3c148b122db7c8238795b",
      "status": "clean"
    },
    ".ccanvil/scripts/bats-report.sh": {
      "origin": "hub",
      "hub_hash": "043518313fc74b1ca8002414d2e30cb60960077cfe0db6048a25d364667fee4a",
      "local_hash": "043518313fc74b1ca8002414d2e30cb60960077cfe0db6048a25d364667fee4a",
      "status": "clean",
      "sync": "tracked"
    },
    ".ccanvil/scripts/linear-query.sh": {
      "origin": "hub",
      "hub_hash": "330b2b80a0b1e8215f58fc4624550d95e124c43549d2ebc97970248e1270463e",
      "local_hash": "330b2b80a0b1e8215f58fc4624550d95e124c43549d2ebc97970248e1270463e",
      "status": "clean",
      "sync": "tracked"
    },
    ".ccanvil/scripts/module-manifest.sh": {
      "origin": "hub",
      "hub_hash": "d74c5a64b8424891015c416d1e459c5caf44638f299b6d5cd08136c6d8c4db8f",
      "local_hash": "d74c5a64b8424891015c416d1e459c5caf44638f299b6d5cd08136c6d8c4db8f",
      "status": "clean",
      "sync": "tracked"
    },
    ".ccanvil/templates/manifest-rollout-runbook.md": {
      "origin": "hub",
      "hub_hash": "fd0e38dd05a67b071eddf8402ba0c42c47c35937052707e7cd05679c61d6b349",
      "local_hash": "fd0e38dd05a67b071eddf8402ba0c42c47c35937052707e7cd05679c61d6b349",
      "status": "clean"
    },
    ".ccanvil/templates/manifest.md": {
      "origin": "hub",
      "hub_hash": "242d2937e5b57132d71baf7719f10f3dbb3d6ec808aebeca459b11b9ea65b402",
      "local_hash": "242d2937e5b57132d71baf7719f10f3dbb3d6ec808aebeca459b11b9ea65b402",
      "status": "clean"
    },
    ".claude/agents/drift-analyst.md": {
      "origin": "hub",
      "hub_hash": "d300d14481506286a22be240e5b02aad23aed1307bb3f40da3624a7287d2c642",
      "local_hash": "d300d14481506286a22be240e5b02aad23aed1307bb3f40da3624a7287d2c642",
      "status": "clean"
    },
    ".claude/commands/activate.md": {
      "origin": "hub",
      "hub_hash": "e4b4158fddda0c305a17a801adc7050c70d0d98289dfd8846b0ca4437c12f8e6",
      "local_hash": "e4b4158fddda0c305a17a801adc7050c70d0d98289dfd8846b0ca4437c12f8e6",
      "status": "clean"
    },
    ".claude/commands/land.md": {
      "origin": "hub",
      "hub_hash": "606b5b0afce73b686fbbf0bc4761ebbb9c6f68e707e8a6c7d72c89690cf23041",
      "local_hash": "606b5b0afce73b686fbbf0bc4761ebbb9c6f68e707e8a6c7d72c89690cf23041",
      "status": "clean"
    },
    ".claude/commands/permissions-review.md": {
      "origin": "hub",
      "hub_hash": "6f2133a98e612850e2d575017da8ee07e2cad756e28edefb5010ac07f227d6d2",
      "local_hash": "6f2133a98e612850e2d575017da8ee07e2cad756e28edefb5010ac07f227d6d2",
      "status": "clean"
    },
    ".claude/hooks/guard-workspace.sh": {
      "origin": "hub",
      "hub_hash": "bd8ddcc9613c6780fcc7587e0a513009e6ae43c57661e30413fa1ed41971554a",
      "local_hash": "bd8ddcc9613c6780fcc7587e0a513009e6ae43c57661e30413fa1ed41971554a",
      "status": "clean"
    },
    ".claude/hooks/permission-request-suppress-redundant.sh": {
      "origin": "hub",
      "hub_hash": "156088e065ad625b468de964cc7698a800a4d713eb8bd83ab6bda186a7f44167",
      "local_hash": "156088e065ad625b468de964cc7698a800a4d713eb8bd83ab6bda186a7f44167",
      "status": "clean"
    },
    ".claude/hooks/post-compact-marker.sh": {
      "origin": "hub",
      "hub_hash": "12a51003dc842100d9dce2824df844ceb54f09f27435e475b01e126edc223485",
      "local_hash": "12a51003dc842100d9dce2824df844ceb54f09f27435e475b01e126edc223485",
      "status": "clean"
    },
    ".claude/hooks/session-boundary.sh": {
      "origin": "hub",
      "hub_hash": "27b62141c18ed7bb8807221a272ac7695dec55536cec6375c14927ad2993fa7d",
      "local_hash": "27b62141c18ed7bb8807221a272ac7695dec55536cec6375c14927ad2993fa7d",
      "status": "clean"
    },
    ".claude/rules/evidence-required-for-captures.md": {
      "origin": "hub",
      "hub_hash": "f7ce616d378d2055445723a26a7600437c3a6000760b872b0adde2d942ddc3c8",
      "local_hash": "f7ce616d378d2055445723a26a7600437c3a6000760b872b0adde2d942ddc3c8",
      "status": "clean",
      "sync": "tracked"
    },
    ".claude/rules/provider-integration.md": {
      "origin": "hub",
      "hub_hash": "2a1e1434f9fb7beb9758995daeeb4b363b3f68f85325f2da6088cde499238d2a",
      "local_hash": "2a1e1434f9fb7beb9758995daeeb4b363b3f68f85325f2da6088cde499238d2a",
      "status": "clean",
      "sync": "tracked"
    },
    ".claude/skills/drift-watchdog/SKILL.md": {
      "origin": "hub",
      "hub_hash": "ecd5bd0f3b9ea4dffafff4a055a7697457225bf2630276de925316c7e37136ce",
      "local_hash": "ecd5bd0f3b9ea4dffafff4a055a7697457225bf2630276de925316c7e37136ce",
      "status": "clean"
    },
    ".claude/skills/ship/SKILL.md": {
      "origin": "hub",
      "hub_hash": "8ddd8c87264a847a450f5dd418e825e6a47fa2a7105c5cf4d208fb16d3bfd2dd",
      "local_hash": "8ddd8c87264a847a450f5dd418e825e6a47fa2a7105c5cf4d208fb16d3bfd2dd",
      "status": "clean"
    }
  },
  "node_uuid": "c7bcdbe1-7e32-411a-8422-6d5fcf622c1a"
}
