{
  "hub_source": "~/projects/ccanvil",
  "hub_version": "6081f9d",
  "synced_at": "1776808576",
  "files": {
    ".ccanvil/guide/command-reference.md": {
      "origin": "hub",
      "hub_hash": "4ab27f9b2b1fb15b3d0f0b8a47b241e4018d87daebc694e5c02f3e4fe30ee96b",
      "local_hash": "4ab27f9b2b1fb15b3d0f0b8a47b241e4018d87daebc694e5c02f3e4fe30ee96b",
      "status": "clean",
      "sync": "tracked"
    },
    ".ccanvil/guide/configuration.md": {
      "origin": "hub",
      "hub_hash": "fb0e199d1ed6788c6df8efd47d575e0e0c293479deff7e770ecba66ea49ed464",
      "local_hash": "fb0e199d1ed6788c6df8efd47d575e0e0c293479deff7e770ecba66ea49ed464",
      "status": "clean",
      "sync": "tracked"
    },
    ".ccanvil/guide/core-workflow.md": {
      "origin": "hub",
      "hub_hash": "34ee7920e12a8fe1d3e01a04f38ef46256047e76e2dab5b8b87e9b9db3c7eede",
      "local_hash": "34ee7920e12a8fe1d3e01a04f38ef46256047e76e2dab5b8b87e9b9db3c7eede",
      "status": "clean",
      "sync": "tracked"
    },
    ".ccanvil/guide/decision-guide.md": {
      "origin": "hub",
      "hub_hash": "4b0d9a6fead769330e3fb5bacc614db44588b3ef232050f151c5a6ebc1121a45",
      "local_hash": "4b0d9a6fead769330e3fb5bacc614db44588b3ef232050f151c5a6ebc1121a45",
      "status": "clean",
      "sync": "tracked"
    },
    ".ccanvil/guide/foundations.md": {
      "origin": "hub",
      "hub_hash": "da8c9061c30cf613b2f439bf7a472919cd6b9b22d49ff596cf58c0ddf39f81fd",
      "local_hash": "da8c9061c30cf613b2f439bf7a472919cd6b9b22d49ff596cf58c0ddf39f81fd",
      "status": "clean",
      "sync": "tracked"
    },
    ".ccanvil/guide/getting-started.md": {
      "origin": "hub",
      "hub_hash": "f93f905def34098fdf041e43dbc3e264c43aec613c688cfa5001adc48046429e",
      "local_hash": "f93f905def34098fdf041e43dbc3e264c43aec613c688cfa5001adc48046429e",
      "status": "clean",
      "sync": "tracked"
    },
    ".ccanvil/guide/hooks.md": {
      "origin": "hub",
      "hub_hash": "632d664c6576b9c4d7537b5df10b33d1288f4cb5d32e4d5f9595111a948df6a3",
      "local_hash": "632d664c6576b9c4d7537b5df10b33d1288f4cb5d32e4d5f9595111a948df6a3",
      "status": "clean",
      "sync": "tracked"
    },
    ".ccanvil/guide/index.md": {
      "origin": "hub",
      "hub_hash": "82e6b8397c92cb9e17c1a459e96d7018bc3e903d44d2bd46b5ff31e1749196a7",
      "local_hash": "82e6b8397c92cb9e17c1a459e96d7018bc3e903d44d2bd46b5ff31e1749196a7",
      "status": "clean",
      "sync": "tracked"
    },
    ".ccanvil/guide/parallel-sessions.md": {
      "origin": "hub",
      "hub_hash": "4ec95cb92ce2de9bdfb42426f800650eb8b6336631df79bac9070d46fdc28cea",
      "local_hash": "4ec95cb92ce2de9bdfb42426f800650eb8b6336631df79bac9070d46fdc28cea",
      "status": "clean",
      "sync": "tracked"
    },
    ".ccanvil/guide/session-management.md": {
      "origin": "hub",
      "hub_hash": "9058d68fe57bd632f07e6609c55d7589485a64d94a75d82b96d684a1b2d7a0c7",
      "local_hash": "9058d68fe57bd632f07e6609c55d7589485a64d94a75d82b96d684a1b2d7a0c7",
      "status": "clean",
      "sync": "tracked"
    },
    ".ccanvil/guide/sync.md": {
      "origin": "hub",
      "hub_hash": "499475dab2ab3aaa7405ce61c3520b4f9d69712563d901da7246e5815e898f2f",
      "local_hash": "499475dab2ab3aaa7405ce61c3520b4f9d69712563d901da7246e5815e898f2f",
      "status": "clean",
      "sync": "tracked"
    },
    ".ccanvil/guide/system-overview.md": {
      "origin": "hub",
      "hub_hash": "bdc8e0c889152686cc6156c34ea8fc95f484acb25b3d2391626f780449bea4e6",
      "local_hash": "bdc8e0c889152686cc6156c34ea8fc95f484acb25b3d2391626f780449bea4e6",
      "status": "clean",
      "sync": "tracked"
    },
    ".ccanvil/scripts/ccanvil-sync.sh": {
      "origin": "hub",
      "hub_hash": "9e3e5e8b44ac6f4466196290075e1884d2b0b29f70965c798807d8f79564e429",
      "local_hash": "9e3e5e8b44ac6f4466196290075e1884d2b0b29f70965c798807d8f79564e429",
      "status": "clean",
      "sync": "tracked"
    },
    ".ccanvil/scripts/context-budget.sh": {
      "origin": "hub",
      "hub_hash": "0cee350401f3c6216680524367a09897b6a7aa32493305314ff63abb33b650fb",
      "local_hash": "0cee350401f3c6216680524367a09897b6a7aa32493305314ff63abb33b650fb",
      "status": "clean",
      "sync": "tracked"
    },
    ".ccanvil/scripts/docs-check.sh": {
      "origin": "hub",
      "hub_hash": "759c167218dfbb24daf53c44447d207d1060d289e80fe143545b596c20e08c7c",
      "local_hash": "759c167218dfbb24daf53c44447d207d1060d289e80fe143545b596c20e08c7c",
      "status": "clean",
      "sync": "tracked"
    },
    ".ccanvil/scripts/fetch-license.sh": {
      "origin": "hub",
      "hub_hash": "157192855692eff1d05fc5285f7dfadf7f116a8d054c98f757cc7f0b47d6ee01",
      "local_hash": "157192855692eff1d05fc5285f7dfadf7f116a8d054c98f757cc7f0b47d6ee01",
      "status": "clean",
      "sync": "tracked"
    },
    ".ccanvil/scripts/fix-cloudflare-certs.sh": {
      "origin": "hub",
      "hub_hash": "09d5cc9ff708e90a1f2d846e70b92f7f388ca24c28a5fc452bfe66e6d5e5ab8d",
      "local_hash": "09d5cc9ff708e90a1f2d846e70b92f7f388ca24c28a5fc452bfe66e6d5e5ab8d",
      "status": "clean",
      "sync": "tracked"
    },
    ".ccanvil/scripts/manifest-check.sh": {
      "origin": "hub",
      "hub_hash": "a76073a11a9d6fb4540631f9c4b2a26bf573d5e59dbb88406d9307622a3a3aac",
      "local_hash": "a76073a11a9d6fb4540631f9c4b2a26bf573d5e59dbb88406d9307622a3a3aac",
      "status": "clean",
      "sync": "tracked"
    },
    ".ccanvil/scripts/operations.sh": {
      "origin": "hub",
      "hub_hash": "3b416513ad89f4132ffa81e329cc14341c2bf0a8637bafb0cf72a9679dc7c933",
      "local_hash": "3b416513ad89f4132ffa81e329cc14341c2bf0a8637bafb0cf72a9679dc7c933",
      "status": "clean",
      "sync": "tracked"
    },
    ".ccanvil/scripts/permissions-audit.sh": {
      "origin": "hub",
      "hub_hash": "56a1fa8dc0cb87a35d55be3557593ff900e82091fe07534d12396f581b1a2af2",
      "local_hash": "56a1fa8dc0cb87a35d55be3557593ff900e82091fe07534d12396f581b1a2af2",
      "status": "clean",
      "sync": "tracked"
    },
    ".ccanvil/scripts/security-audit.sh": {
      "origin": "hub",
      "hub_hash": "e39c574df4bb444084d813ef2049cf25c18f0a0f101e9c880fa864ae1497a117",
      "local_hash": "e39c574df4bb444084d813ef2049cf25c18f0a0f101e9c880fa864ae1497a117",
      "status": "clean",
      "sync": "tracked"
    },
    ".ccanvil/templates/assumptions.md": {
      "origin": "hub",
      "hub_hash": "3ea4d54b9d05db9995e87ac6023ee469b8068835df525c88a1587f573d8f8719",
      "local_hash": "3ea4d54b9d05db9995e87ac6023ee469b8068835df525c88a1587f573d8f8719",
      "status": "clean",
      "sync": "tracked"
    },
    ".ccanvil/templates/ccanvil.json.md": {
      "origin": "hub",
      "hub_hash": "12ee5e46e02668ba3c18445adc63388b79a368bfa87ac00b60858122fb803aa1",
      "local_hash": "12ee5e46e02668ba3c18445adc63388b79a368bfa87ac00b60858122fb803aa1",
      "status": "clean",
      "sync": "tracked"
    },
    ".ccanvil/templates/hooks-reference.md": {
      "origin": "hub",
      "hub_hash": "11c7a6cf1e03da99b167000904358d1817f43e7f9ebf3f7bbe6d522a72adb67c",
      "local_hash": "11c7a6cf1e03da99b167000904358d1817f43e7f9ebf3f7bbe6d522a72adb67c",
      "status": "clean",
      "sync": "tracked"
    },
    ".ccanvil/templates/plan.md": {
      "origin": "hub",
      "hub_hash": "47aa09e8f87a40b5bfd143b2ecf58ffdc0cc699c3692da5c9d9a4b78ee0f9815",
      "local_hash": "47aa09e8f87a40b5bfd143b2ecf58ffdc0cc699c3692da5c9d9a4b78ee0f9815",
      "status": "clean",
      "sync": "tracked"
    },
    ".ccanvil/templates/spec.md": {
      "origin": "hub",
      "hub_hash": "a8946413cbee3914ccc26689f756b1006bf23329a22ffa83a1f410ed5b29a832",
      "local_hash": "a8946413cbee3914ccc26689f756b1006bf23329a22ffa83a1f410ed5b29a832",
      "status": "clean",
      "sync": "tracked"
    },
    ".claude/agents/ccanvil-differ.md": {
      "origin": "hub",
      "hub_hash": "ff014b4fec1ae42d031673728c259af9a6ea55cd7d0b4fac7f81aa07066127a5",
      "local_hash": "ff014b4fec1ae42d031673728c259af9a6ea55cd7d0b4fac7f81aa07066127a5",
      "status": "clean",
      "sync": "tracked"
    },
    ".claude/agents/code-reviewer.md": {
      "origin": "hub",
      "hub_hash": "a6b0ab0008d7aa79d0f83b345c56c56eeebb67743c298ad6bc617fd7038af4b7",
      "local_hash": "a6b0ab0008d7aa79d0f83b345c56c56eeebb67743c298ad6bc617fd7038af4b7",
      "status": "clean",
      "sync": "tracked"
    },
    ".claude/agents/spec-writer.md": {
      "origin": "hub",
      "hub_hash": "f330cc251910b6dd4ee75ec6e2170f6ce28f192506684fa5e6920bb3f2b92ea4",
      "local_hash": "f330cc251910b6dd4ee75ec6e2170f6ce28f192506684fa5e6920bb3f2b92ea4",
      "status": "clean",
      "sync": "tracked"
    },
    ".claude/ccanvil.json": {
      "origin": "hub",
      "hub_hash": "c91ca6ee6edf659a85575a160116553eec58a3f5a1d3b5fc78f9265a72ed86fc",
      "local_hash": "c91ca6ee6edf659a85575a160116553eec58a3f5a1d3b5fc78f9265a72ed86fc",
      "status": "clean",
      "sync": "tracked"
    },
    ".claude/commands/ccanvil-audit.md": {
      "origin": "hub",
      "hub_hash": "840fcd772e097e5c5799bc02fb83584b406a895b356c507782b9d0f461d2d86e",
      "local_hash": "840fcd772e097e5c5799bc02fb83584b406a895b356c507782b9d0f461d2d86e",
      "status": "clean",
      "sync": "tracked"
    },
    ".claude/commands/ccanvil-demote.md": {
      "origin": "hub",
      "hub_hash": "be4debfcdfbfecc5c50d303c664ca6ec18aa314cd15052579e9e7056be18d414",
      "local_hash": "be4debfcdfbfecc5c50d303c664ca6ec18aa314cd15052579e9e7056be18d414",
      "status": "clean",
      "sync": "tracked"
    },
    ".claude/commands/ccanvil-ignore.md": {
      "origin": "hub",
      "hub_hash": "dba70883b1ee6268fb1b0cb1a0646369e7e49964d70f6ce83dc90593d100a5a9",
      "local_hash": "dba70883b1ee6268fb1b0cb1a0646369e7e49964d70f6ce83dc90593d100a5a9",
      "status": "clean",
      "sync": "tracked"
    },
    ".claude/commands/ccanvil-promote.md": {
      "origin": "hub",
      "hub_hash": "264d9d9e878917a790b0258f4f23102f7446c4454bface4d503a3164b26a0ad6",
      "local_hash": "264d9d9e878917a790b0258f4f23102f7446c4454bface4d503a3164b26a0ad6",
      "status": "clean",
      "sync": "tracked"
    },
    ".claude/commands/ccanvil-pull.md": {
      "origin": "hub",
      "hub_hash": "d6114c23e9dc94a3fa95f9c4c28c90a78f8e76367305dfb01f98df53d9159b01",
      "local_hash": "d6114c23e9dc94a3fa95f9c4c28c90a78f8e76367305dfb01f98df53d9159b01",
      "status": "clean",
      "sync": "tracked"
    },
    ".claude/commands/ccanvil-push.md": {
      "origin": "hub",
      "hub_hash": "93ad7ac87df7e09b1390d39d290c31994958a48ae23d5c493049c241bcc51a49",
      "local_hash": "93ad7ac87df7e09b1390d39d290c31994958a48ae23d5c493049c241bcc51a49",
      "status": "clean",
      "sync": "tracked"
    },
    ".claude/commands/ccanvil-status.md": {
      "origin": "hub",
      "hub_hash": "84fd0c01e6622b7a003afa88a5c73e0b837e40a746e68b24fbf1f498b75fc81b",
      "local_hash": "84fd0c01e6622b7a003afa88a5c73e0b837e40a746e68b24fbf1f498b75fc81b",
      "status": "clean",
      "sync": "tracked"
    },
    ".claude/commands/commit.md": {
      "origin": "hub",
      "hub_hash": "ffd7a291113cc6a85176bbc94658d0bf557f4b0026804e468c6e10b6481761b0",
      "local_hash": "ffd7a291113cc6a85176bbc94658d0bf557f4b0026804e468c6e10b6481761b0",
      "status": "clean",
      "sync": "tracked"
    },
    ".claude/commands/fix-certs.md": {
      "origin": "hub",
      "hub_hash": "4fa03daffaf03ed8dc9ae2b44c1673a900be694f508d5e59535d155ce4be8a43",
      "local_hash": "4fa03daffaf03ed8dc9ae2b44c1673a900be694f508d5e59535d155ce4be8a43",
      "status": "clean",
      "sync": "tracked"
    },
    ".claude/commands/new-component.md": {
      "origin": "local",
      "hub_hash": null,
      "local_hash": "505ce860994967e889596df0bf8e48bb3523a87ef87ec0dc2b56d8e64b8bcef6",
      "status": "local-only",
      "sync": "tracked"
    },
    ".claude/commands/plan.md": {
      "origin": "hub",
      "hub_hash": "62f19e39e4f1f3d34d2e761964bdfbea8f5325dff287c289244267f0c9f22ba6",
      "local_hash": "62f19e39e4f1f3d34d2e761964bdfbea8f5325dff287c289244267f0c9f22ba6",
      "status": "clean",
      "sync": "tracked"
    },
    ".claude/commands/pr.md": {
      "origin": "hub",
      "hub_hash": "5b0cd88c413bc743d058ea3e1c0bfb7954b413b235da99b26f2d6ec6bff427fa",
      "local_hash": "5b0cd88c413bc743d058ea3e1c0bfb7954b413b235da99b26f2d6ec6bff427fa",
      "status": "clean",
      "sync": "tracked"
    },
    ".claude/commands/review.md": {
      "origin": "hub",
      "hub_hash": "bdcdc405bb051701d6715ecdf220d29ee93c437971a5984686cd0f27179e0f3d",
      "local_hash": "bdcdc405bb051701d6715ecdf220d29ee93c437971a5984686cd0f27179e0f3d",
      "status": "clean",
      "sync": "tracked"
    },
    ".claude/commands/security-audit.md": {
      "origin": "hub",
      "hub_hash": "3aa54a67ae69776be152ac77be5a3a9da1d1b5d705fbe10b1e92071cb2a91e09",
      "local_hash": "3aa54a67ae69776be152ac77be5a3a9da1d1b5d705fbe10b1e92071cb2a91e09",
      "status": "clean",
      "sync": "tracked"
    },
    ".claude/hooks/branch-name-lint.sh": {
      "origin": "hub",
      "hub_hash": "e1ca1b9219ea886c3a937806e359dcfdecf8cd0ae2f4a7dafd9ec062355ba1d3",
      "local_hash": "e1ca1b9219ea886c3a937806e359dcfdecf8cd0ae2f4a7dafd9ec062355ba1d3",
      "status": "clean",
      "sync": "tracked"
    },
    ".claude/hooks/commit-msg-lint.sh": {
      "origin": "hub",
      "hub_hash": "0467788f9961f78bb5795e8ca0ca248e13c0c125a6dc9b627a6dcfd4c44cee77",
      "local_hash": "0467788f9961f78bb5795e8ca0ca248e13c0c125a6dc9b627a6dcfd4c44cee77",
      "status": "clean",
      "sync": "tracked"
    },
    ".claude/hooks/format-on-write.sh": {
      "origin": "hub",
      "hub_hash": "a243b5842ccfb468196e1c6725d77d9f3ad9becb156a422697f9d0c63c5ef277",
      "local_hash": "a243b5842ccfb468196e1c6725d77d9f3ad9becb156a422697f9d0c63c5ef277",
      "status": "clean",
      "sync": "tracked"
    },
    ".claude/hooks/lint-on-write.sh": {
      "origin": "hub",
      "hub_hash": "9d1588c5640d47a02176dea545db9aa3621f19ff31744c7b4a01726ab0b59edb",
      "local_hash": "9d1588c5640d47a02176dea545db9aa3621f19ff31744c7b4a01726ab0b59edb",
      "status": "clean",
      "sync": "tracked"
    },
    ".claude/hooks/protect-files.sh": {
      "origin": "hub",
      "hub_hash": "0bb4942c7fb9ec71092b4b1d2b1ba10e1633543aa56b6e96ddf3fa2c073a0c75",
      "local_hash": "0bb4942c7fb9ec71092b4b1d2b1ba10e1633543aa56b6e96ddf3fa2c073a0c75",
      "status": "clean",
      "sync": "tracked"
    },
    ".claude/hooks/protect-main.sh": {
      "origin": "hub",
      "hub_hash": "d0c9458edd221851dd24a2d573a435261e13fd94bd2e7c44ad1fa423b3469aaa",
      "local_hash": "d0c9458edd221851dd24a2d573a435261e13fd94bd2e7c44ad1fa423b3469aaa",
      "status": "clean",
      "sync": "tracked"
    },
    ".claude/rules/code-quality.md": {
      "origin": "hub",
      "hub_hash": "3417f2012aa4bbff3207930bdd246fa3c94e3a332696712c25dd5d567e0ff9f7",
      "local_hash": "3417f2012aa4bbff3207930bdd246fa3c94e3a332696712c25dd5d567e0ff9f7",
      "status": "clean",
      "sync": "tracked"
    },
    ".claude/rules/components.md": {
      "origin": "local",
      "hub_hash": null,
      "local_hash": "b30d5f8c0d7160decfc98f07ad6263d2057246de560ef38738f19f29429e9220",
      "status": "local-only",
      "sync": "tracked"
    },
    ".claude/rules/deterministic-first.md": {
      "origin": "hub",
      "hub_hash": "12da58a1b2eb97ddeba8ad39f0895ba94a0751a242bf36e4123b3d0adf1d2e0f",
      "local_hash": "12da58a1b2eb97ddeba8ad39f0895ba94a0751a242bf36e4123b3d0adf1d2e0f",
      "status": "clean",
      "sync": "tracked"
    },
    ".claude/rules/self-review.md": {
      "origin": "hub",
      "hub_hash": "40c3e4154e1d75a224d78b66ee344a8365b3519b28e88b02c9169d10ddc4175c",
      "local_hash": "40c3e4154e1d75a224d78b66ee344a8365b3519b28e88b02c9169d10ddc4175c",
      "status": "clean",
      "sync": "tracked"
    },
    ".claude/rules/sketches.md": {
      "origin": "local",
      "hub_hash": null,
      "local_hash": "c7ab7044ab3021f49d45b6aaaa46ccc26e60a39bd2f9fed38ac19d01c791da65",
      "status": "local-only",
      "sync": "tracked"
    },
    ".claude/rules/tdd.md": {
      "origin": "hub",
      "hub_hash": "415e7a412fe1f4f461789d03f4aec9b75972d61cc15bc692c902b4f42bf677e3",
      "local_hash": "415e7a412fe1f4f461789d03f4aec9b75972d61cc15bc692c902b4f42bf677e3",
      "status": "clean",
      "sync": "tracked"
    },
    ".claude/rules/workflow.md": {
      "origin": "hub",
      "hub_hash": "a5ee60bcc8a660ce4b0fe2a018c62d164dd096a8f30aa5bb39dea338536fa5f7",
      "local_hash": "a5ee60bcc8a660ce4b0fe2a018c62d164dd096a8f30aa5bb39dea338536fa5f7",
      "status": "clean",
      "sync": "tracked"
    },
    ".claude/settings.json": {
      "origin": "hub",
      "hub_hash": "5704017c7a9c923a3ca7d486c550f5a772ae32e0b8f1ac01ade287ee3b940696",
      "local_hash": "5704017c7a9c923a3ca7d486c550f5a772ae32e0b8f1ac01ade287ee3b940696",
      "status": "clean",
      "sync": "tracked"
    },
    ".claude/skills/tdd/SKILL.md": {
      "origin": "hub",
      "hub_hash": "655021d8f045c032a20c2efb9767d11892eadcf627c48854fd9b8daaf13c7d04",
      "local_hash": "655021d8f045c032a20c2efb9767d11892eadcf627c48854fd9b8daaf13c7d04",
      "status": "clean",
      "sync": "tracked"
    },
    "CLAUDE.md": {
      "origin": "hub",
      "hub_hash": "2833477264232135d5decc3d14d1e9b234c5738a2ae15823ce16f09beaf899a6",
      "local_hash": "2833477264232135d5decc3d14d1e9b234c5738a2ae15823ce16f09beaf899a6",
      "status": "clean",
      "sync": "tracked"
    },
    ".ccanvil/templates/roadmap.md": {
      "origin": "hub",
      "hub_hash": "92fe329388e5eecc7db4f49b82ec2c8af14d197af9ab72617986a02f54d84a66",
      "local_hash": "92fe329388e5eecc7db4f49b82ec2c8af14d197af9ab72617986a02f54d84a66",
      "status": "clean"
    },
    ".claude/agents/strategic-advisor.md": {
      "origin": "hub",
      "hub_hash": "bb42857b2fada914ff0036934a32c665fd6cfe9a232c7adaea40b080b9f25744",
      "local_hash": "bb42857b2fada914ff0036934a32c665fd6cfe9a232c7adaea40b080b9f25744",
      "status": "clean"
    },
    ".claude/skills/idea/SKILL.md": {
      "origin": "hub",
      "hub_hash": "c36fde4b36d4684a6000507579acc1285524b1d728a1d2a794c5d27a614f98ba",
      "local_hash": "c36fde4b36d4684a6000507579acc1285524b1d728a1d2a794c5d27a614f98ba",
      "status": "clean",
      "sync": "tracked"
    },
    ".claude/skills/radar/SKILL.md": {
      "origin": "hub",
      "hub_hash": "b894dbe8a6c19b7e1097f9da464673ac8a8fdb76c99f06fe4bd634f8c8d7f1d2",
      "local_hash": "b894dbe8a6c19b7e1097f9da464673ac8a8fdb76c99f06fe4bd634f8c8d7f1d2",
      "status": "clean"
    },
    ".claude/hooks/guard-destructive.sh": {
      "origin": "hub",
      "hub_hash": "2ac1b2aa9c46c43264cd7223e222833904be28b6fd4be3d3606581fdf5968ceb",
      "local_hash": "2ac1b2aa9c46c43264cd7223e222833904be28b6fd4be3d3606581fdf5968ceb",
      "status": "clean"
    },
    ".claude/hooks/guard-force-push.sh": {
      "origin": "hub",
      "hub_hash": "30a85973326c4c471d2f408ab496a4cdf339e6ba9d56fa1b69251f6b4fb13b2a",
      "local_hash": "30a85973326c4c471d2f408ab496a4cdf339e6ba9d56fa1b69251f6b4fb13b2a",
      "status": "clean"
    },
    ".claude/skills/spec/SKILL.md": {
      "origin": "hub",
      "hub_hash": "3b9830261ae91f2e20290febede5ded0c07dc651ef64ef06d64986cc40221aae",
      "local_hash": "3b9830261ae91f2e20290febede5ded0c07dc651ef64ef06d64986cc40221aae",
      "status": "clean"
    },
    ".claude/skills/ccanvil-pull-globals/SKILL.md": {
      "origin": "hub",
      "hub_hash": "27624bfb58859b9d68491eb1d990e69365a01acf46008554bf47b1b139ff8aed",
      "local_hash": "27624bfb58859b9d68491eb1d990e69365a01acf46008554bf47b1b139ff8aed",
      "status": "clean"
    },
    ".ccanvil/templates/stasis.md": {
      "origin": "hub",
      "hub_hash": "f9ff370152dfa7c6fd479d1912103f10d388052d59f25f1a2583d785916efbba",
      "local_hash": "f9ff370152dfa7c6fd479d1912103f10d388052d59f25f1a2583d785916efbba",
      "status": "clean"
    },
    ".claude/skills/recall/SKILL.md": {
      "origin": "hub",
      "hub_hash": "31dfaee06544ecbfc795692e8eda4b7d798203fc26ce5cde96470e619fb29ac6",
      "local_hash": "31dfaee06544ecbfc795692e8eda4b7d798203fc26ce5cde96470e619fb29ac6",
      "status": "clean"
    },
    ".claude/skills/stasis/SKILL.md": {
      "origin": "hub",
      "hub_hash": "0842884be9d6f59d184991581220df050fea244ad31236bd123b97fe119ebcdb",
      "local_hash": "0842884be9d6f59d184991581220df050fea244ad31236bd123b97fe119ebcdb",
      "status": "clean"
    }
  },
  "node_uuid": "c7bcdbe1-7e32-411a-8422-6d5fcf622c1a"
}
