{
  "hub_source": "~/projects/ccanvil",
  "hub_version": "7da1d63",
  "synced_at": "1775788892",
  "files": {
    ".ccanvil/guide/command-reference.md": {
      "origin": "hub",
      "hub_hash": "e6a72511957552aceb95b34fecb76e2f2f95437a2540bcdecc3658d09f6e6e74",
      "local_hash": "e6a72511957552aceb95b34fecb76e2f2f95437a2540bcdecc3658d09f6e6e74",
      "status": "clean",
      "sync": "tracked"
    },
    ".ccanvil/guide/configuration.md": {
      "origin": "hub",
      "hub_hash": "8cdb56e9f089c46b150ced90cf117c02b386afcf757cedee7803ced238681c46",
      "local_hash": "8cdb56e9f089c46b150ced90cf117c02b386afcf757cedee7803ced238681c46",
      "status": "clean",
      "sync": "tracked"
    },
    ".ccanvil/guide/core-workflow.md": {
      "origin": "hub",
      "hub_hash": "0d185b545046d9d5389566c2f4fc2d7b0f830ad6d4e88c4304d523b8d1aa0577",
      "local_hash": "0d185b545046d9d5389566c2f4fc2d7b0f830ad6d4e88c4304d523b8d1aa0577",
      "status": "clean",
      "sync": "tracked"
    },
    ".ccanvil/guide/decision-guide.md": {
      "origin": "hub",
      "hub_hash": "504c0646fba6564fd1ca21581c88443faf913aad72647939917d7f9a8df7b46e",
      "local_hash": "504c0646fba6564fd1ca21581c88443faf913aad72647939917d7f9a8df7b46e",
      "status": "clean",
      "sync": "tracked"
    },
    ".ccanvil/guide/foundations.md": {
      "origin": "hub",
      "hub_hash": "da8c9061c30cf613b2f439bf7a472919cd6b9b22d49ff596cf58c0ddf39f81fd",
      "local_hash": "da8c9061c30cf613b2f439bf7a472919cd6b9b22d49ff596cf58c0ddf39f81fd",
      "status": "clean",
      "sync": "tracked"
    },
    ".ccanvil/guide/getting-started.md": {
      "origin": "hub",
      "hub_hash": "c1fba0090d93f5862d078b208c5918db054a1938fe50f083d64e5ab434971ba6",
      "local_hash": "c1fba0090d93f5862d078b208c5918db054a1938fe50f083d64e5ab434971ba6",
      "status": "clean",
      "sync": "tracked"
    },
    ".ccanvil/guide/hooks.md": {
      "origin": "hub",
      "hub_hash": "632d664c6576b9c4d7537b5df10b33d1288f4cb5d32e4d5f9595111a948df6a3",
      "local_hash": "632d664c6576b9c4d7537b5df10b33d1288f4cb5d32e4d5f9595111a948df6a3",
      "status": "clean",
      "sync": "tracked"
    },
    ".ccanvil/guide/index.md": {
      "origin": "hub",
      "hub_hash": "31f6253da7cab281775a54c4054bec808cc9518f01cab3ceb30aba0510390fe1",
      "local_hash": "31f6253da7cab281775a54c4054bec808cc9518f01cab3ceb30aba0510390fe1",
      "status": "clean",
      "sync": "tracked"
    },
    ".ccanvil/guide/parallel-sessions.md": {
      "origin": "hub",
      "hub_hash": "688a70bfea5105aa5d64c9d14bf54ac9412f9c060d38c64ddde99ff90320c559",
      "local_hash": "688a70bfea5105aa5d64c9d14bf54ac9412f9c060d38c64ddde99ff90320c559",
      "status": "clean",
      "sync": "tracked"
    },
    ".ccanvil/guide/session-management.md": {
      "origin": "hub",
      "hub_hash": "84e8bbef1374815725db5323cd79e53d67c3317eab891d17c64a9fd3ddc751e2",
      "local_hash": "84e8bbef1374815725db5323cd79e53d67c3317eab891d17c64a9fd3ddc751e2",
      "status": "clean",
      "sync": "tracked"
    },
    ".ccanvil/guide/sync.md": {
      "origin": "hub",
      "hub_hash": "912aa4e7e0fcdf9a13d5568f00f37de2c3581a53e245d248e72bf618f8376514",
      "local_hash": "912aa4e7e0fcdf9a13d5568f00f37de2c3581a53e245d248e72bf618f8376514",
      "status": "clean",
      "sync": "tracked"
    },
    ".ccanvil/guide/system-overview.md": {
      "origin": "hub",
      "hub_hash": "61479a83b236d64318d8f53941c0cc999cd7ec1900eeb108ac2dd78d6653b4dc",
      "local_hash": "61479a83b236d64318d8f53941c0cc999cd7ec1900eeb108ac2dd78d6653b4dc",
      "status": "clean",
      "sync": "tracked"
    },
    ".ccanvil/scripts/ccanvil-sync.sh": {
      "origin": "hub",
      "hub_hash": "7e0b83b385c3f5155b2620aaf4ac4a447756a33f19abd25ee127483d7c97f560",
      "local_hash": "7e0b83b385c3f5155b2620aaf4ac4a447756a33f19abd25ee127483d7c97f560",
      "status": "clean",
      "sync": "tracked"
    },
    ".ccanvil/scripts/context-budget.sh": {
      "origin": "hub",
      "hub_hash": "41706d6d51baeffd5880fde1d94155c3f0c0582a3a2fbeb8b0c57855ec2a9daa",
      "local_hash": "41706d6d51baeffd5880fde1d94155c3f0c0582a3a2fbeb8b0c57855ec2a9daa",
      "status": "clean",
      "sync": "tracked"
    },
    ".ccanvil/scripts/docs-check.sh": {
      "origin": "hub",
      "hub_hash": "c2fc8e5a63e5e17255b46b3eba1670a1fa66176d58db95096134162a11a82540",
      "local_hash": "c2fc8e5a63e5e17255b46b3eba1670a1fa66176d58db95096134162a11a82540",
      "status": "clean",
      "sync": "tracked"
    },
    ".ccanvil/scripts/fetch-license.sh": {
      "origin": "hub",
      "hub_hash": "157192855692eff1d05fc5285f7dfadf7f116a8d054c98f757cc7f0b47d6ee01",
      "local_hash": "157192855692eff1d05fc5285f7dfadf7f116a8d054c98f757cc7f0b47d6ee01",
      "status": "clean",
      "sync": "tracked"
    },
    ".ccanvil/scripts/fix-cloudflare-certs.sh": {
      "origin": "hub",
      "hub_hash": "09d5cc9ff708e90a1f2d846e70b92f7f388ca24c28a5fc452bfe66e6d5e5ab8d",
      "local_hash": "09d5cc9ff708e90a1f2d846e70b92f7f388ca24c28a5fc452bfe66e6d5e5ab8d",
      "status": "clean",
      "sync": "tracked"
    },
    ".ccanvil/scripts/manifest-check.sh": {
      "origin": "hub",
      "hub_hash": "a76073a11a9d6fb4540631f9c4b2a26bf573d5e59dbb88406d9307622a3a3aac",
      "local_hash": "a76073a11a9d6fb4540631f9c4b2a26bf573d5e59dbb88406d9307622a3a3aac",
      "status": "clean",
      "sync": "tracked"
    },
    ".ccanvil/scripts/operations.sh": {
      "origin": "hub",
      "hub_hash": "7b6a8fa1921300f5199c7bbff493c3b747460ea689c66eef83170be5075c016f",
      "local_hash": "7b6a8fa1921300f5199c7bbff493c3b747460ea689c66eef83170be5075c016f",
      "status": "clean",
      "sync": "tracked"
    },
    ".ccanvil/scripts/permissions-audit.sh": {
      "origin": "hub",
      "hub_hash": "56a1fa8dc0cb87a35d55be3557593ff900e82091fe07534d12396f581b1a2af2",
      "local_hash": "56a1fa8dc0cb87a35d55be3557593ff900e82091fe07534d12396f581b1a2af2",
      "status": "clean",
      "sync": "tracked"
    },
    ".ccanvil/scripts/security-audit.sh": {
      "origin": "hub",
      "hub_hash": "6a688ff2eadc1466a770b2009aef5b4f6a11f1f824365a612d219d6967fedfb6",
      "local_hash": "6a688ff2eadc1466a770b2009aef5b4f6a11f1f824365a612d219d6967fedfb6",
      "status": "clean",
      "sync": "tracked"
    },
    ".ccanvil/templates/assumptions.md": {
      "origin": "hub",
      "hub_hash": "3ea4d54b9d05db9995e87ac6023ee469b8068835df525c88a1587f573d8f8719",
      "local_hash": "3ea4d54b9d05db9995e87ac6023ee469b8068835df525c88a1587f573d8f8719",
      "status": "clean",
      "sync": "tracked"
    },
    ".ccanvil/templates/ccanvil.json.md": {
      "origin": "hub",
      "hub_hash": "12ee5e46e02668ba3c18445adc63388b79a368bfa87ac00b60858122fb803aa1",
      "local_hash": "12ee5e46e02668ba3c18445adc63388b79a368bfa87ac00b60858122fb803aa1",
      "status": "clean",
      "sync": "tracked"
    },
    ".ccanvil/templates/checkpoint.md": {
      "origin": "hub",
      "hub_hash": "b6d6713274341e6c79da635e5ed9ff32da3e31babaa7bab9e2b2d2d22e6dc2ab",
      "local_hash": "b6d6713274341e6c79da635e5ed9ff32da3e31babaa7bab9e2b2d2d22e6dc2ab",
      "status": "clean",
      "sync": "tracked"
    },
    ".ccanvil/templates/hooks-reference.md": {
      "origin": "hub",
      "hub_hash": "11c7a6cf1e03da99b167000904358d1817f43e7f9ebf3f7bbe6d522a72adb67c",
      "local_hash": "11c7a6cf1e03da99b167000904358d1817f43e7f9ebf3f7bbe6d522a72adb67c",
      "status": "clean",
      "sync": "tracked"
    },
    ".ccanvil/templates/plan.md": {
      "origin": "hub",
      "hub_hash": "47aa09e8f87a40b5bfd143b2ecf58ffdc0cc699c3692da5c9d9a4b78ee0f9815",
      "local_hash": "47aa09e8f87a40b5bfd143b2ecf58ffdc0cc699c3692da5c9d9a4b78ee0f9815",
      "status": "clean",
      "sync": "tracked"
    },
    ".ccanvil/templates/spec.md": {
      "origin": "hub",
      "hub_hash": "a8946413cbee3914ccc26689f756b1006bf23329a22ffa83a1f410ed5b29a832",
      "local_hash": "a8946413cbee3914ccc26689f756b1006bf23329a22ffa83a1f410ed5b29a832",
      "status": "clean",
      "sync": "tracked"
    },
    ".claude/agents/ccanvil-differ.md": {
      "origin": "hub",
      "hub_hash": "ff014b4fec1ae42d031673728c259af9a6ea55cd7d0b4fac7f81aa07066127a5",
      "local_hash": "ff014b4fec1ae42d031673728c259af9a6ea55cd7d0b4fac7f81aa07066127a5",
      "status": "clean",
      "sync": "tracked"
    },
    ".claude/agents/code-reviewer.md": {
      "origin": "hub",
      "hub_hash": "a6b0ab0008d7aa79d0f83b345c56c56eeebb67743c298ad6bc617fd7038af4b7",
      "local_hash": "a6b0ab0008d7aa79d0f83b345c56c56eeebb67743c298ad6bc617fd7038af4b7",
      "status": "clean",
      "sync": "tracked"
    },
    ".claude/agents/spec-writer.md": {
      "origin": "hub",
      "hub_hash": "7ea8365406b8aa6a3e5b9f1774565ba9a8c25bf7574db4fb957769867fe5ef5c",
      "local_hash": "7ea8365406b8aa6a3e5b9f1774565ba9a8c25bf7574db4fb957769867fe5ef5c",
      "status": "clean",
      "sync": "tracked"
    },
    ".claude/ccanvil.json": {
      "origin": "hub",
      "hub_hash": "c91ca6ee6edf659a85575a160116553eec58a3f5a1d3b5fc78f9265a72ed86fc",
      "local_hash": "c91ca6ee6edf659a85575a160116553eec58a3f5a1d3b5fc78f9265a72ed86fc",
      "status": "clean",
      "sync": "tracked"
    },
    ".claude/commands/catchup.md": {
      "origin": "hub",
      "hub_hash": "afe6e62d7698448df0e4d0cdd0a406167d74b1822f8d546bb43800443d2b5dc1",
      "local_hash": "afe6e62d7698448df0e4d0cdd0a406167d74b1822f8d546bb43800443d2b5dc1",
      "status": "clean",
      "sync": "tracked"
    },
    ".claude/commands/ccanvil-audit.md": {
      "origin": "hub",
      "hub_hash": "98226995c3460177b5cf1fdc5c70a844612cfddfdea6b6489f4627694dc4d06b",
      "local_hash": "98226995c3460177b5cf1fdc5c70a844612cfddfdea6b6489f4627694dc4d06b",
      "status": "clean",
      "sync": "tracked"
    },
    ".claude/commands/ccanvil-demote.md": {
      "origin": "hub",
      "hub_hash": "be4debfcdfbfecc5c50d303c664ca6ec18aa314cd15052579e9e7056be18d414",
      "local_hash": "be4debfcdfbfecc5c50d303c664ca6ec18aa314cd15052579e9e7056be18d414",
      "status": "clean",
      "sync": "tracked"
    },
    ".claude/commands/ccanvil-ignore.md": {
      "origin": "hub",
      "hub_hash": "dba70883b1ee6268fb1b0cb1a0646369e7e49964d70f6ce83dc90593d100a5a9",
      "local_hash": "dba70883b1ee6268fb1b0cb1a0646369e7e49964d70f6ce83dc90593d100a5a9",
      "status": "clean",
      "sync": "tracked"
    },
    ".claude/commands/ccanvil-promote.md": {
      "origin": "hub",
      "hub_hash": "264d9d9e878917a790b0258f4f23102f7446c4454bface4d503a3164b26a0ad6",
      "local_hash": "264d9d9e878917a790b0258f4f23102f7446c4454bface4d503a3164b26a0ad6",
      "status": "clean",
      "sync": "tracked"
    },
    ".claude/commands/ccanvil-pull.md": {
      "origin": "hub",
      "hub_hash": "faea95097667ff751775d77826c74d960b6a8b5ea633a82701043413432a18b1",
      "local_hash": "faea95097667ff751775d77826c74d960b6a8b5ea633a82701043413432a18b1",
      "status": "clean",
      "sync": "tracked"
    },
    ".claude/commands/ccanvil-push.md": {
      "origin": "hub",
      "hub_hash": "93ad7ac87df7e09b1390d39d290c31994958a48ae23d5c493049c241bcc51a49",
      "local_hash": "93ad7ac87df7e09b1390d39d290c31994958a48ae23d5c493049c241bcc51a49",
      "status": "clean",
      "sync": "tracked"
    },
    ".claude/commands/ccanvil-status.md": {
      "origin": "hub",
      "hub_hash": "84fd0c01e6622b7a003afa88a5c73e0b837e40a746e68b24fbf1f498b75fc81b",
      "local_hash": "84fd0c01e6622b7a003afa88a5c73e0b837e40a746e68b24fbf1f498b75fc81b",
      "status": "clean",
      "sync": "tracked"
    },
    ".claude/commands/commit.md": {
      "origin": "hub",
      "hub_hash": "ffd7a291113cc6a85176bbc94658d0bf557f4b0026804e468c6e10b6481761b0",
      "local_hash": "ffd7a291113cc6a85176bbc94658d0bf557f4b0026804e468c6e10b6481761b0",
      "status": "clean",
      "sync": "tracked"
    },
    ".claude/commands/fix-certs.md": {
      "origin": "hub",
      "hub_hash": "4fa03daffaf03ed8dc9ae2b44c1673a900be694f508d5e59535d155ce4be8a43",
      "local_hash": "4fa03daffaf03ed8dc9ae2b44c1673a900be694f508d5e59535d155ce4be8a43",
      "status": "clean",
      "sync": "tracked"
    },
    ".claude/commands/new-component.md": {
      "origin": "local",
      "hub_hash": null,
      "local_hash": "505ce860994967e889596df0bf8e48bb3523a87ef87ec0dc2b56d8e64b8bcef6",
      "status": "local-only",
      "sync": "tracked"
    },
    ".claude/commands/plan.md": {
      "origin": "hub",
      "hub_hash": "62f19e39e4f1f3d34d2e761964bdfbea8f5325dff287c289244267f0c9f22ba6",
      "local_hash": "62f19e39e4f1f3d34d2e761964bdfbea8f5325dff287c289244267f0c9f22ba6",
      "status": "clean",
      "sync": "tracked"
    },
    ".claude/commands/pr.md": {
      "origin": "hub",
      "hub_hash": "a3e723496666cb07c17aba8a8fe120af0c08bb7db9e3d34cf7843e7c38b378b1",
      "local_hash": "a3e723496666cb07c17aba8a8fe120af0c08bb7db9e3d34cf7843e7c38b378b1",
      "status": "clean",
      "sync": "tracked"
    },
    ".claude/commands/review.md": {
      "origin": "hub",
      "hub_hash": "bdcdc405bb051701d6715ecdf220d29ee93c437971a5984686cd0f27179e0f3d",
      "local_hash": "bdcdc405bb051701d6715ecdf220d29ee93c437971a5984686cd0f27179e0f3d",
      "status": "clean",
      "sync": "tracked"
    },
    ".claude/commands/security-audit.md": {
      "origin": "hub",
      "hub_hash": "3aa54a67ae69776be152ac77be5a3a9da1d1b5d705fbe10b1e92071cb2a91e09",
      "local_hash": "3aa54a67ae69776be152ac77be5a3a9da1d1b5d705fbe10b1e92071cb2a91e09",
      "status": "clean",
      "sync": "tracked"
    },
    ".claude/hooks/branch-name-lint.sh": {
      "origin": "hub",
      "hub_hash": "e1ca1b9219ea886c3a937806e359dcfdecf8cd0ae2f4a7dafd9ec062355ba1d3",
      "local_hash": "e1ca1b9219ea886c3a937806e359dcfdecf8cd0ae2f4a7dafd9ec062355ba1d3",
      "status": "clean",
      "sync": "tracked"
    },
    ".claude/hooks/commit-msg-lint.sh": {
      "origin": "hub",
      "hub_hash": "0467788f9961f78bb5795e8ca0ca248e13c0c125a6dc9b627a6dcfd4c44cee77",
      "local_hash": "0467788f9961f78bb5795e8ca0ca248e13c0c125a6dc9b627a6dcfd4c44cee77",
      "status": "clean",
      "sync": "tracked"
    },
    ".claude/hooks/format-on-write.sh": {
      "origin": "hub",
      "hub_hash": "a243b5842ccfb468196e1c6725d77d9f3ad9becb156a422697f9d0c63c5ef277",
      "local_hash": "a243b5842ccfb468196e1c6725d77d9f3ad9becb156a422697f9d0c63c5ef277",
      "status": "clean",
      "sync": "tracked"
    },
    ".claude/hooks/lint-on-write.sh": {
      "origin": "hub",
      "hub_hash": "9d1588c5640d47a02176dea545db9aa3621f19ff31744c7b4a01726ab0b59edb",
      "local_hash": "9d1588c5640d47a02176dea545db9aa3621f19ff31744c7b4a01726ab0b59edb",
      "status": "clean",
      "sync": "tracked"
    },
    ".claude/hooks/protect-files.sh": {
      "origin": "hub",
      "hub_hash": "0bb4942c7fb9ec71092b4b1d2b1ba10e1633543aa56b6e96ddf3fa2c073a0c75",
      "local_hash": "0bb4942c7fb9ec71092b4b1d2b1ba10e1633543aa56b6e96ddf3fa2c073a0c75",
      "status": "clean",
      "sync": "tracked"
    },
    ".claude/hooks/protect-main.sh": {
      "origin": "hub",
      "hub_hash": "d0c9458edd221851dd24a2d573a435261e13fd94bd2e7c44ad1fa423b3469aaa",
      "local_hash": "d0c9458edd221851dd24a2d573a435261e13fd94bd2e7c44ad1fa423b3469aaa",
      "status": "clean",
      "sync": "tracked"
    },
    ".claude/rules/code-quality.md": {
      "origin": "hub",
      "hub_hash": "3417f2012aa4bbff3207930bdd246fa3c94e3a332696712c25dd5d567e0ff9f7",
      "local_hash": "3417f2012aa4bbff3207930bdd246fa3c94e3a332696712c25dd5d567e0ff9f7",
      "status": "clean",
      "sync": "tracked"
    },
    ".claude/rules/components.md": {
      "origin": "local",
      "hub_hash": null,
      "local_hash": "b30d5f8c0d7160decfc98f07ad6263d2057246de560ef38738f19f29429e9220",
      "status": "local-only",
      "sync": "tracked"
    },
    ".claude/rules/deterministic-first.md": {
      "origin": "hub",
      "hub_hash": "12da58a1b2eb97ddeba8ad39f0895ba94a0751a242bf36e4123b3d0adf1d2e0f",
      "local_hash": "12da58a1b2eb97ddeba8ad39f0895ba94a0751a242bf36e4123b3d0adf1d2e0f",
      "status": "clean",
      "sync": "tracked"
    },
    ".claude/rules/self-review.md": {
      "origin": "hub",
      "hub_hash": "beaafc25a86d30240a22a3dfdd840fd3342ded6d09898a3576a34c7d5e16f9b6",
      "local_hash": "beaafc25a86d30240a22a3dfdd840fd3342ded6d09898a3576a34c7d5e16f9b6",
      "status": "clean",
      "sync": "tracked"
    },
    ".claude/rules/sketches.md": {
      "origin": "local",
      "hub_hash": null,
      "local_hash": "c7ab7044ab3021f49d45b6aaaa46ccc26e60a39bd2f9fed38ac19d01c791da65",
      "status": "local-only",
      "sync": "tracked"
    },
    ".claude/rules/tdd.md": {
      "origin": "hub",
      "hub_hash": "415e7a412fe1f4f461789d03f4aec9b75972d61cc15bc692c902b4f42bf677e3",
      "local_hash": "415e7a412fe1f4f461789d03f4aec9b75972d61cc15bc692c902b4f42bf677e3",
      "status": "clean",
      "sync": "tracked"
    },
    ".claude/rules/workflow.md": {
      "origin": "hub",
      "hub_hash": "09edbc374ea452924e43354b05af9e9fff919e9337076613f90a69a7a6447d19",
      "local_hash": "09edbc374ea452924e43354b05af9e9fff919e9337076613f90a69a7a6447d19",
      "status": "clean",
      "sync": "tracked"
    },
    ".claude/settings.json": {
      "origin": "hub",
      "hub_hash": "aad095ee3315670c80c8adbab17b498a6981388e65a9a012df5b073db5a20fc3",
      "local_hash": "aad095ee3315670c80c8adbab17b498a6981388e65a9a012df5b073db5a20fc3",
      "status": "clean",
      "sync": "tracked"
    },
    ".claude/skills/tdd/SKILL.md": {
      "origin": "hub",
      "hub_hash": "2d92b83542f9c335d1895c2965c72508f8606f9d3b55b97212f9f83fe16e8d3c",
      "local_hash": "2d92b83542f9c335d1895c2965c72508f8606f9d3b55b97212f9f83fe16e8d3c",
      "status": "clean",
      "sync": "tracked"
    },
    "CLAUDE.md": {
      "origin": "hub",
      "hub_hash": "0b1b9f75fc142e37734c0adc0506a4791b61b82d5e29034a078d8f3dbfaac7dc",
      "local_hash": "0b1b9f75fc142e37734c0adc0506a4791b61b82d5e29034a078d8f3dbfaac7dc",
      "status": "clean",
      "sync": "tracked"
    },
    ".ccanvil/templates/roadmap.md": {
      "origin": "hub",
      "hub_hash": "92fe329388e5eecc7db4f49b82ec2c8af14d197af9ab72617986a02f54d84a66",
      "local_hash": "92fe329388e5eecc7db4f49b82ec2c8af14d197af9ab72617986a02f54d84a66",
      "status": "clean"
    },
    ".claude/agents/strategic-advisor.md": {
      "origin": "hub",
      "hub_hash": "bb42857b2fada914ff0036934a32c665fd6cfe9a232c7adaea40b080b9f25744",
      "local_hash": "bb42857b2fada914ff0036934a32c665fd6cfe9a232c7adaea40b080b9f25744",
      "status": "clean"
    },
    ".claude/skills/idea/SKILL.md": {
      "origin": "hub",
      "hub_hash": "b033b19c9fd179df6ef384e7da95d05a22f8ad1f2487001c02f6c094c7821caf",
      "local_hash": "b033b19c9fd179df6ef384e7da95d05a22f8ad1f2487001c02f6c094c7821caf",
      "status": "clean"
    },
    ".claude/skills/radar/SKILL.md": {
      "origin": "hub",
      "hub_hash": "b894dbe8a6c19b7e1097f9da464673ac8a8fdb76c99f06fe4bd634f8c8d7f1d2",
      "local_hash": "b894dbe8a6c19b7e1097f9da464673ac8a8fdb76c99f06fe4bd634f8c8d7f1d2",
      "status": "clean"
    }
  }
}
